// !$*UTF8*$!
{
	archiveVersion = 1;
	classes = {
	};
	objectVersion = 55;
	objects = {

/* Begin PBXBuildFile section */
		20CFDCD3286D8481008AF0E4 /* InvoicesService.docc in Sources */ = {isa = PBXBuildFile; fileRef = 20CFDCD2286D8481008AF0E4 /* InvoicesService.docc */; };
		20CFDCD4286D8481008AF0E4 /* InvoicesService.h in Headers */ = {isa = PBXBuildFile; fileRef = 20CFDCD1286D8481008AF0E4 /* InvoicesService.h */; settings = {ATTRIBUTES = (Public, ); }; };
		20CFDCDE286D84B6008AF0E4 /* IAuthentificationRequest.swift in Sources */ = {isa = PBXBuildFile; fileRef = 20CFDCDC286D84B6008AF0E4 /* IAuthentificationRequest.swift */; };
		20CFDCDF286D84B6008AF0E4 /* IDeAuthentificationRequest.swift in Sources */ = {isa = PBXBuildFile; fileRef = 20CFDCDD286D84B6008AF0E4 /* IDeAuthentificationRequest.swift */; };
		20CFDCE2286D84D1008AF0E4 /* IAddInvoiceRequest.swift in Sources */ = {isa = PBXBuildFile; fileRef = 20CFDCE1286D84D1008AF0E4 /* IAddInvoiceRequest.swift */; };
		20CFDCE5286D8554008AF0E4 /* BaseLoginModel.swift in Sources */ = {isa = PBXBuildFile; fileRef = 20CFDCE4286D8554008AF0E4 /* BaseLoginModel.swift */; };
		20CFDCE8286D8589008AF0E4 /* BaseLoginResponseModel.swift in Sources */ = {isa = PBXBuildFile; fileRef = 20CFDCE7286D8589008AF0E4 /* BaseLoginResponseModel.swift */; };
		20CFDCEC286D85F9008AF0E4 /* BaseAddInvoiceModel.swift in Sources */ = {isa = PBXBuildFile; fileRef = 20CFDCEB286D85F9008AF0E4 /* BaseAddInvoiceModel.swift */; };
/* End PBXBuildFile section */

/* Begin PBXFileReference section */
		20CFDCCE286D8481008AF0E4 /* InvoicesService.framework */ = {isa = PBXFileReference; explicitFileType = wrapper.framework; includeInIndex = 0; path = InvoicesService.framework; sourceTree = BUILT_PRODUCTS_DIR; };
		20CFDCD1286D8481008AF0E4 /* InvoicesService.h */ = {isa = PBXFileReference; lastKnownFileType = sourcecode.c.h; path = InvoicesService.h; sourceTree = "<group>"; };
		20CFDCD2286D8481008AF0E4 /* InvoicesService.docc */ = {isa = PBXFileReference; lastKnownFileType = folder.documentationcatalog; path = InvoicesService.docc; sourceTree = "<group>"; };
		20CFDCDC286D84B6008AF0E4 /* IAuthentificationRequest.swift */ = {isa = PBXFileReference; fileEncoding = 4; lastKnownFileType = sourcecode.swift; path = IAuthentificationRequest.swift; sourceTree = "<group>"; };
		20CFDCDD286D84B6008AF0E4 /* IDeAuthentificationRequest.swift */ = {isa = PBXFileReference; fileEncoding = 4; lastKnownFileType = sourcecode.swift; path = IDeAuthentificationRequest.swift; sourceTree = "<group>"; };
		20CFDCE1286D84D1008AF0E4 /* IAddInvoiceRequest.swift */ = {isa = PBXFileReference; fileEncoding = 4; lastKnownFileType = sourcecode.swift; path = IAddInvoiceRequest.swift; sourceTree = "<group>"; };
		20CFDCE4286D8554008AF0E4 /* BaseLoginModel.swift */ = {isa = PBXFileReference; lastKnownFileType = sourcecode.swift; path = BaseLoginModel.swift; sourceTree = "<group>"; };
		20CFDCE7286D8589008AF0E4 /* BaseLoginResponseModel.swift */ = {isa = PBXFileReference; lastKnownFileType = sourcecode.swift; path = BaseLoginResponseModel.swift; sourceTree = "<group>"; };
		20CFDCEB286D85F9008AF0E4 /* BaseAddInvoiceModel.swift */ = {isa = PBXFileReference; lastKnownFileType = sourcecode.swift; path = BaseAddInvoiceModel.swift; sourceTree = "<group>"; };
/* End PBXFileReference section */

/* Begin PBXFrameworksBuildPhase section */
		20CFDCCB286D8481008AF0E4 /* Frameworks */ = {
			isa = PBXFrameworksBuildPhase;
			buildActionMask = 2147483647;
			files = (
			);
			runOnlyForDeploymentPostprocessing = 0;
		};
/* End PBXFrameworksBuildPhase section */

/* Begin PBXGroup section */
		20CFDCC4286D8481008AF0E4 = {
			isa = PBXGroup;
			children = (
				20CFDCD0286D8481008AF0E4 /* InvoicesService */,
				20CFDCCF286D8481008AF0E4 /* Products */,
			);
			sourceTree = "<group>";
		};
		20CFDCCF286D8481008AF0E4 /* Products */ = {
			isa = PBXGroup;
			children = (
				20CFDCCE286D8481008AF0E4 /* InvoicesService.framework */,
			);
			name = Products;
			sourceTree = "<group>";
		};
		20CFDCD0286D8481008AF0E4 /* InvoicesService */ = {
			isa = PBXGroup;
			children = (
				20CFDCE6286D8576008AF0E4 /* Base Response */,
				20CFDCE3286D8543008AF0E4 /* Base Models */,
				20CFDCDA286D849C008AF0E4 /* Base API Services */,
				20CFDCD1286D8481008AF0E4 /* InvoicesService.h */,
				20CFDCD2286D8481008AF0E4 /* InvoicesService.docc */,
			);
			path = InvoicesService;
			sourceTree = "<group>";
		};
		20CFDCDA286D849C008AF0E4 /* Base API Services */ = {
			isa = PBXGroup;
			children = (
				20CFDCE0286D84C9008AF0E4 /* UserInvoices */,
				20CFDCDB286D84A3008AF0E4 /* UserAuth */,
			);
			path = "Base API Services";
			sourceTree = "<group>";
		};
		20CFDCDB286D84A3008AF0E4 /* UserAuth */ = {
			isa = PBXGroup;
			children = (
				20CFDCDC286D84B6008AF0E4 /* IAuthentificationRequest.swift */,
				20CFDCDD286D84B6008AF0E4 /* IDeAuthentificationRequest.swift */,
			);
			path = UserAuth;
			sourceTree = "<group>";
		};
		20CFDCE0286D84C9008AF0E4 /* UserInvoices */ = {
			isa = PBXGroup;
			children = (
				20CFDCE1286D84D1008AF0E4 /* IAddInvoiceRequest.swift */,
			);
			path = UserInvoices;
			sourceTree = "<group>";
		};
		20CFDCE3286D8543008AF0E4 /* Base Models */ = {
			isa = PBXGroup;
			children = (
				20CFDCEA286D85EA008AF0E4 /* UserInvoices */,
				20CFDCE9286D85E1008AF0E4 /* UserAuth */,
			);
			path = "Base Models";
			sourceTree = "<group>";
		};
		20CFDCE6286D8576008AF0E4 /* Base Response */ = {
			isa = PBXGroup;
			children = (
				20CFDCED286D860A008AF0E4 /* UserAuth */,
			);
			path = "Base Response";
			sourceTree = "<group>";
		};
		20CFDCE9286D85E1008AF0E4 /* UserAuth */ = {
			isa = PBXGroup;
			children = (
				20CFDCE4286D8554008AF0E4 /* BaseLoginModel.swift */,
			);
			path = UserAuth;
			sourceTree = "<group>";
		};
		20CFDCEA286D85EA008AF0E4 /* UserInvoices */ = {
			isa = PBXGroup;
			children = (
				20CFDCEB286D85F9008AF0E4 /* BaseAddInvoiceModel.swift */,
			);
			path = UserInvoices;
			sourceTree = "<group>";
		};
		20CFDCED286D860A008AF0E4 /* UserAuth */ = {
			isa = PBXGroup;
			children = (
				20CFDCE7286D8589008AF0E4 /* BaseLoginResponseModel.swift */,
			);
			path = UserAuth;
			sourceTree = "<group>";
		};
/* End PBXGroup section */

/* Begin PBXHeadersBuildPhase section */
		20CFDCC9286D8481008AF0E4 /* Headers */ = {
			isa = PBXHeadersBuildPhase;
			buildActionMask = 2147483647;
			files = (
				20CFDCD4286D8481008AF0E4 /* InvoicesService.h in Headers */,
			);
			runOnlyForDeploymentPostprocessing = 0;
		};
/* End PBXHeadersBuildPhase section */

/* Begin PBXNativeTarget section */
		20CFDCCD286D8481008AF0E4 /* InvoicesService */ = {
			isa = PBXNativeTarget;
			buildConfigurationList = 20CFDCD7286D8481008AF0E4 /* Build configuration list for PBXNativeTarget "InvoicesService" */;
			buildPhases = (
				20CFDCC9286D8481008AF0E4 /* Headers */,
				20CFDCCA286D8481008AF0E4 /* Sources */,
				20CFDCCB286D8481008AF0E4 /* Frameworks */,
				20CFDCCC286D8481008AF0E4 /* Resources */,
			);
			buildRules = (
			);
			dependencies = (
			);
			name = InvoicesService;
			productName = InvoicesService;
			productReference = 20CFDCCE286D8481008AF0E4 /* InvoicesService.framework */;
			productType = "com.apple.product-type.framework";
		};
/* End PBXNativeTarget section */

/* Begin PBXProject section */
		20CFDCC5286D8481008AF0E4 /* Project object */ = {
			isa = PBXProject;
			attributes = {
				BuildIndependentTargetsInParallel = 1;
				LastUpgradeCheck = 1340;
				TargetAttributes = {
					20CFDCCD286D8481008AF0E4 = {
						CreatedOnToolsVersion = 13.4.1;
					};
				};
			};
			buildConfigurationList = 20CFDCC8286D8481008AF0E4 /* Build configuration list for PBXProject "InvoicesService" */;
			compatibilityVersion = "Xcode 13.0";
			developmentRegion = en;
			hasScannedForEncodings = 0;
			knownRegions = (
				en,
				Base,
			);
			mainGroup = 20CFDCC4286D8481008AF0E4;
			productRefGroup = 20CFDCCF286D8481008AF0E4 /* Products */;
			projectDirPath = "";
			projectRoot = "";
			targets = (
				20CFDCCD286D8481008AF0E4 /* InvoicesService */,
			);
		};
/* End PBXProject section */

/* Begin PBXResourcesBuildPhase section */
		20CFDCCC286D8481008AF0E4 /* Resources */ = {
			isa = PBXResourcesBuildPhase;
			buildActionMask = 2147483647;
			files = (
			);
			runOnlyForDeploymentPostprocessing = 0;
		};
/* End PBXResourcesBuildPhase section */

/* Begin PBXSourcesBuildPhase section */
		20CFDCCA286D8481008AF0E4 /* Sources */ = {
			isa = PBXSourcesBuildPhase;
			buildActionMask = 2147483647;
			files = (
				20CFDCE5286D8554008AF0E4 /* BaseLoginModel.swift in Sources */,
				20CFDCDE286D84B6008AF0E4 /* IAuthentificationRequest.swift in Sources */,
				20CFDCD3286D8481008AF0E4 /* InvoicesService.docc in Sources */,
				20CFDCE8286D8589008AF0E4 /* BaseLoginResponseModel.swift in Sources */,
				20CFDCDF286D84B6008AF0E4 /* IDeAuthentificationRequest.swift in Sources */,
				20CFDCEC286D85F9008AF0E4 /* BaseAddInvoiceModel.swift in Sources */,
				20CFDCE2286D84D1008AF0E4 /* IAddInvoiceRequest.swift in Sources */,
			);
			runOnlyForDeploymentPostprocessing = 0;
		};
/* End PBXSourcesBuildPhase section */

/* Begin XCBuildConfiguration section */
		20CFDCD5286D8481008AF0E4 /* Debug */ = {
			isa = XCBuildConfiguration;
			buildSettings = {
				ALWAYS_SEARCH_USER_PATHS = NO;
				CLANG_ANALYZER_NONNULL = YES;
				CLANG_ANALYZER_NUMBER_OBJECT_CONVERSION = YES_AGGRESSIVE;
				CLANG_CXX_LANGUAGE_STANDARD = "gnu++17";
				CLANG_ENABLE_MODULES = YES;
				CLANG_ENABLE_OBJC_ARC = YES;
				CLANG_ENABLE_OBJC_WEAK = YES;
				CLANG_WARN_BLOCK_CAPTURE_AUTORELEASING = YES;
				CLANG_WARN_BOOL_CONVERSION = YES;
				CLANG_WARN_COMMA = YES;
				CLANG_WARN_CONSTANT_CONVERSION = YES;
				CLANG_WARN_DEPRECATED_OBJC_IMPLEMENTATIONS = YES;
				CLANG_WARN_DIRECT_OBJC_ISA_USAGE = YES_ERROR;
				CLANG_WARN_DOCUMENTATION_COMMENTS = YES;
				CLANG_WARN_EMPTY_BODY = YES;
				CLANG_WARN_ENUM_CONVERSION = YES;
				CLANG_WARN_INFINITE_RECURSION = YES;
				CLANG_WARN_INT_CONVERSION = YES;
				CLANG_WARN_NON_LITERAL_NULL_CONVERSION = YES;
				CLANG_WARN_OBJC_IMPLICIT_RETAIN_SELF = YES;
				CLANG_WARN_OBJC_LITERAL_CONVERSION = YES;
				CLANG_WARN_OBJC_ROOT_CLASS = YES_ERROR;
				CLANG_WARN_QUOTED_INCLUDE_IN_FRAMEWORK_HEADER = YES;
				CLANG_WARN_RANGE_LOOP_ANALYSIS = YES;
				CLANG_WARN_STRICT_PROTOTYPES = YES;
				CLANG_WARN_SUSPICIOUS_MOVE = YES;
				CLANG_WARN_UNGUARDED_AVAILABILITY = YES_AGGRESSIVE;
				CLANG_WARN_UNREACHABLE_CODE = YES;
				CLANG_WARN__DUPLICATE_METHOD_MATCH = YES;
				COPY_PHASE_STRIP = NO;
				CURRENT_PROJECT_VERSION = 1;
				DEBUG_INFORMATION_FORMAT = dwarf;
				ENABLE_STRICT_OBJC_MSGSEND = YES;
				ENABLE_TESTABILITY = YES;
				GCC_C_LANGUAGE_STANDARD = gnu11;
				GCC_DYNAMIC_NO_PIC = NO;
				GCC_NO_COMMON_BLOCKS = YES;
				GCC_OPTIMIZATION_LEVEL = 0;
				GCC_PREPROCESSOR_DEFINITIONS = (
					"DEBUG=1",
					"$(inherited)",
				);
				GCC_WARN_64_TO_32_BIT_CONVERSION = YES;
				GCC_WARN_ABOUT_RETURN_TYPE = YES_ERROR;
				GCC_WARN_UNDECLARED_SELECTOR = YES;
				GCC_WARN_UNINITIALIZED_AUTOS = YES_AGGRESSIVE;
				GCC_WARN_UNUSED_FUNCTION = YES;
				GCC_WARN_UNUSED_VARIABLE = YES;
				IPHONEOS_DEPLOYMENT_TARGET = 15.5;
				MTL_ENABLE_DEBUG_INFO = INCLUDE_SOURCE;
				MTL_FAST_MATH = YES;
				ONLY_ACTIVE_ARCH = YES;
				SDKROOT = iphoneos;
				SWIFT_ACTIVE_COMPILATION_CONDITIONS = DEBUG;
				SWIFT_OPTIMIZATION_LEVEL = "-Onone";
				VERSIONING_SYSTEM = "apple-generic";
				VERSION_INFO_PREFIX = "";
			};
			name = Debug;
		};
		20CFDCD6286D8481008AF0E4 /* Release */ = {
			isa = XCBuildConfiguration;
			buildSettings = {
				ALWAYS_SEARCH_USER_PATHS = NO;
				CLANG_ANALYZER_NONNULL = YES;
				CLANG_ANALYZER_NUMBER_OBJECT_CONVERSION = YES_AGGRESSIVE;
				CLANG_CXX_LANGUAGE_STANDARD = "gnu++17";
				CLANG_ENABLE_MODULES = YES;
				CLANG_ENABLE_OBJC_ARC = YES;
				CLANG_ENABLE_OBJC_WEAK = YES;
				CLANG_WARN_BLOCK_CAPTURE_AUTORELEASING = YES;
				CLANG_WARN_BOOL_CONVERSION = YES;
				CLANG_WARN_COMMA = YES;
				CLANG_WARN_CONSTANT_CONVERSION = YES;
				CLANG_WARN_DEPRECATED_OBJC_IMPLEMENTATIONS = YES;
				CLANG_WARN_DIRECT_OBJC_ISA_USAGE = YES_ERROR;
				CLANG_WARN_DOCUMENTATION_COMMENTS = YES;
				CLANG_WARN_EMPTY_BODY = YES;
				CLANG_WARN_ENUM_CONVERSION = YES;
				CLANG_WARN_INFINITE_RECURSION = YES;
				CLANG_WARN_INT_CONVERSION = YES;
				CLANG_WARN_NON_LITERAL_NULL_CONVERSION = YES;
				CLANG_WARN_OBJC_IMPLICIT_RETAIN_SELF = YES;
				CLANG_WARN_OBJC_LITERAL_CONVERSION = YES;
				CLANG_WARN_OBJC_ROOT_CLASS = YES_ERROR;
				CLANG_WARN_QUOTED_INCLUDE_IN_FRAMEWORK_HEADER = YES;
				CLANG_WARN_RANGE_LOOP_ANALYSIS = YES;
				CLANG_WARN_STRICT_PROTOTYPES = YES;
				CLANG_WARN_SUSPICIOUS_MOVE = YES;
				CLANG_WARN_UNGUARDED_AVAILABILITY = YES_AGGRESSIVE;
				CLANG_WARN_UNREACHABLE_CODE = YES;
				CLANG_WARN__DUPLICATE_METHOD_MATCH = YES;
				COPY_PHASE_STRIP = NO;
				CURRENT_PROJECT_VERSION = 1;
				DEBUG_INFORMATION_FORMAT = "dwarf-with-dsym";
				ENABLE_NS_ASSERTIONS = NO;
				ENABLE_STRICT_OBJC_MSGSEND = YES;
				GCC_C_LANGUAGE_STANDARD = gnu11;
				GCC_NO_COMMON_BLOCKS = YES;
				GCC_WARN_64_TO_32_BIT_CONVERSION = YES;
				GCC_WARN_ABOUT_RETURN_TYPE = YES_ERROR;
				GCC_WARN_UNDECLARED_SELECTOR = YES;
				GCC_WARN_UNINITIALIZED_AUTOS = YES_AGGRESSIVE;
				GCC_WARN_UNUSED_FUNCTION = YES;
				GCC_WARN_UNUSED_VARIABLE = YES;
				IPHONEOS_DEPLOYMENT_TARGET = 15.5;
				MTL_ENABLE_DEBUG_INFO = NO;
				MTL_FAST_MATH = YES;
				SDKROOT = iphoneos;
				SWIFT_COMPILATION_MODE = wholemodule;
				SWIFT_OPTIMIZATION_LEVEL = "-O";
				VALIDATE_PRODUCT = YES;
				VERSIONING_SYSTEM = "apple-generic";
				VERSION_INFO_PREFIX = "";
			};
			name = Release;
		};
		20CFDCD8286D8481008AF0E4 /* Debug */ = {
			isa = XCBuildConfiguration;
			buildSettings = {
				CODE_SIGN_STYLE = Automatic;
				CURRENT_PROJECT_VERSION = 1;
				DEFINES_MODULE = YES;
				DEVELOPMENT_TEAM = 25G7LS3L22;
				DYLIB_COMPATIBILITY_VERSION = 1;
				DYLIB_CURRENT_VERSION = 1;
				DYLIB_INSTALL_NAME_BASE = "@rpath";
				GENERATE_INFOPLIST_FILE = YES;
				INFOPLIST_KEY_NSHumanReadableCopyright = "";
				INSTALL_PATH = "$(LOCAL_LIBRARY_DIR)/Frameworks";
				IPHONEOS_DEPLOYMENT_TARGET = 12.0;
				"IPHONEOS_DEPLOYMENT_TARGET[sdk=macosx*]" = 14.2;
				LD_RUNPATH_SEARCH_PATHS = (
					"$(inherited)",
					"@executable_path/Frameworks",
					"@loader_path/Frameworks",
				);
				MARKETING_VERSION = 1.0;
				PRODUCT_BUNDLE_IDENTIFIER = ivangabriel.InvoicesService;
				PRODUCT_NAME = "$(TARGET_NAME:c99extidentifier)";
				SKIP_INSTALL = YES;
				SWIFT_EMIT_LOC_STRINGS = YES;
				SWIFT_VERSION = 5.0;
				TARGETED_DEVICE_FAMILY = "1,2";
			};
			name = Debug;
		};
		20CFDCD9286D8481008AF0E4 /* Release */ = {
			isa = XCBuildConfiguration;
			buildSettings = {
				CODE_SIGN_STYLE = Automatic;
				CURRENT_PROJECT_VERSION = 1;
				DEFINES_MODULE = YES;
				DEVELOPMENT_TEAM = 25G7LS3L22;
				DYLIB_COMPATIBILITY_VERSION = 1;
				DYLIB_CURRENT_VERSION = 1;
				DYLIB_INSTALL_NAME_BASE = "@rpath";
				GENERATE_INFOPLIST_FILE = YES;
				INFOPLIST_KEY_NSHumanReadableCopyright = "";
				INSTALL_PATH = "$(LOCAL_LIBRARY_DIR)/Frameworks";
				IPHONEOS_DEPLOYMENT_TARGET = 12.0;
				"IPHONEOS_DEPLOYMENT_TARGET[sdk=macosx*]" = 14.2;
				LD_RUNPATH_SEARCH_PATHS = (
					"$(inherited)",
					"@executable_path/Frameworks",
					"@loader_path/Frameworks",
				);
				MARKETING_VERSION = 1.0;
				PRODUCT_BUNDLE_IDENTIFIER = ivangabriel.InvoicesService;
				PRODUCT_NAME = "$(TARGET_NAME:c99extidentifier)";
				SKIP_INSTALL = YES;
				SWIFT_EMIT_LOC_STRINGS = YES;
				SWIFT_VERSION = 5.0;
				TARGETED_DEVICE_FAMILY = "1,2";
			};
			name = Release;
		};
/* End XCBuildConfiguration section */

/* Begin XCConfigurationList section */
		20CFDCC8286D8481008AF0E4 /* Build configuration list for PBXProject "InvoicesService" */ = {
			isa = XCConfigurationList;
			buildConfigurations = (
				20CFDCD5286D8481008AF0E4 /* Debug */,
				20CFDCD6286D8481008AF0E4 /* Release */,
			);
			defaultConfigurationIsVisible = 0;
			defaultConfigurationName = Release;
		};
		20CFDCD7286D8481008AF0E4 /* Build configuration list for PBXNativeTarget "InvoicesService" */ = {
			isa = XCConfigurationList;
			buildConfigurations = (
				20CFDCD8286D8481008AF0E4 /* Debug */,
				20CFDCD9286D8481008AF0E4 /* Release */,
			);
			defaultConfigurationIsVisible = 0;
			defaultConfigurationName = Release;
		};
/* End XCConfigurationList section */
	};
	rootObject = 20CFDCC5286D8481008AF0E4 /* Project object */;
}
