// !$*UTF8*$!
{
	archiveVersion = 1;
	classes = {
	};
	objectVersion = 55;
	objects = {

/* Begin PBXBuildFile section */
		119F34AC89F7A55F484BC934 /* Pods_InvoicesApp.framework in Frameworks */ = {isa = PBXBuildFile; fileRef = 8911FC021F6324C2C60E6989 /* Pods_InvoicesApp.framework */; };
		200E035E2805527500F787F5 /* Interface.storyboard in Resources */ = {isa = PBXBuildFile; fileRef = 200E035C2805527500F787F5 /* Interface.storyboard */; };
		200E03602805527700F787F5 /* Assets.xcassets in Resources */ = {isa = PBXBuildFile; fileRef = 200E035F2805527700F787F5 /* Assets.xcassets */; };
		200E03662805527800F787F5 /* InvoicesAppWatchOS WatchKit Extension.appex in Embed App Extensions */ = {isa = PBXBuildFile; fileRef = 200E03652805527800F787F5 /* InvoicesAppWatchOS WatchKit Extension.appex */; settings = {ATTRIBUTES = (RemoveHeadersOnCopy, ); }; };
		200E036B2805527800F787F5 /* InterfaceController.swift in Sources */ = {isa = PBXBuildFile; fileRef = 200E036A2805527800F787F5 /* InterfaceController.swift */; };
		200E036D2805527800F787F5 /* ExtensionDelegate.swift in Sources */ = {isa = PBXBuildFile; fileRef = 200E036C2805527800F787F5 /* ExtensionDelegate.swift */; };
		200E036F2805527800F787F5 /* NotificationController.swift in Sources */ = {isa = PBXBuildFile; fileRef = 200E036E2805527800F787F5 /* NotificationController.swift */; };
		200E03712805527800F787F5 /* ComplicationController.swift in Sources */ = {isa = PBXBuildFile; fileRef = 200E03702805527800F787F5 /* ComplicationController.swift */; };
		200E03732805527900F787F5 /* Assets.xcassets in Resources */ = {isa = PBXBuildFile; fileRef = 200E03722805527900F787F5 /* Assets.xcassets */; };
		200E037F2805527900F787F5 /* InvoicesAppWatchOSTests.swift in Sources */ = {isa = PBXBuildFile; fileRef = 200E037E2805527900F787F5 /* InvoicesAppWatchOSTests.swift */; };
		200E03892805527900F787F5 /* InvoicesAppWatchOSUITests.swift in Sources */ = {isa = PBXBuildFile; fileRef = 200E03882805527900F787F5 /* InvoicesAppWatchOSUITests.swift */; };
		200E038B2805527900F787F5 /* InvoicesAppWatchOSUITestsLaunchTests.swift in Sources */ = {isa = PBXBuildFile; fileRef = 200E038A2805527900F787F5 /* InvoicesAppWatchOSUITestsLaunchTests.swift */; };
		200E038E2805527900F787F5 /* InvoicesAppWatchOS.app in Embed Watch Content */ = {isa = PBXBuildFile; fileRef = 200E035A2805527500F787F5 /* InvoicesAppWatchOS.app */; settings = {ATTRIBUTES = (RemoveHeadersOnCopy, ); }; };
		20BC18A22804A766005551FF /* AppDelegate.swift in Sources */ = {isa = PBXBuildFile; fileRef = 20BC18A12804A766005551FF /* AppDelegate.swift */; };
		20BC18A62804A766005551FF /* ViewController.swift in Sources */ = {isa = PBXBuildFile; fileRef = 20BC18A52804A766005551FF /* ViewController.swift */; };
		20BC18AB2804A768005551FF /* Assets.xcassets in Resources */ = {isa = PBXBuildFile; fileRef = 20BC18AA2804A768005551FF /* Assets.xcassets */; };
		20BC18AE2804A768005551FF /* LaunchScreen.storyboard in Resources */ = {isa = PBXBuildFile; fileRef = 20BC18AC2804A768005551FF /* LaunchScreen.storyboard */; };
		20BC18B92804A768005551FF /* InvoicesAppTests.swift in Sources */ = {isa = PBXBuildFile; fileRef = 20BC18B82804A768005551FF /* InvoicesAppTests.swift */; };
		20BC18C32804A768005551FF /* InvoicesAppUITests.swift in Sources */ = {isa = PBXBuildFile; fileRef = 20BC18C22804A768005551FF /* InvoicesAppUITests.swift */; };
		20BC18C52804A768005551FF /* InvoicesAppUITestsLaunchTests.swift in Sources */ = {isa = PBXBuildFile; fileRef = 20BC18C42804A768005551FF /* InvoicesAppUITestsLaunchTests.swift */; };
		20BC18D42804B5CC005551FF /* GoogleService-Info.plist in Resources */ = {isa = PBXBuildFile; fileRef = 20BC18D32804B5CC005551FF /* GoogleService-Info.plist */; };
		20BC18DA2804B6AF005551FF /* FirebaseConfig.swift in Sources */ = {isa = PBXBuildFile; fileRef = 20BC18D92804B6AE005551FF /* FirebaseConfig.swift */; };
		6D37E43C194FB33E9337B389 /* Pods_InvoicesAppTests.framework in Frameworks */ = {isa = PBXBuildFile; fileRef = A4A135CEC9500C016D433641 /* Pods_InvoicesAppTests.framework */; };
		8D94BA0A3C1C502011394B3D /* Pods_InvoicesApp_InvoicesAppUITests.framework in Frameworks */ = {isa = PBXBuildFile; fileRef = 2787EA435FAC1431D40D3B54 /* Pods_InvoicesApp_InvoicesAppUITests.framework */; };
/* End PBXBuildFile section */

/* Begin PBXContainerItemProxy section */
		200E03672805527800F787F5 /* PBXContainerItemProxy */ = {
			isa = PBXContainerItemProxy;
			containerPortal = 20BC18962804A766005551FF /* Project object */;
			proxyType = 1;
			remoteGlobalIDString = 200E03642805527800F787F5;
			remoteInfo = "InvoicesAppWatchOS WatchKit Extension";
		};
		200E037B2805527900F787F5 /* PBXContainerItemProxy */ = {
			isa = PBXContainerItemProxy;
			containerPortal = 20BC18962804A766005551FF /* Project object */;
			proxyType = 1;
			remoteGlobalIDString = 200E03642805527800F787F5;
			remoteInfo = "InvoicesAppWatchOS WatchKit Extension";
		};
		200E03852805527900F787F5 /* PBXContainerItemProxy */ = {
			isa = PBXContainerItemProxy;
			containerPortal = 20BC18962804A766005551FF /* Project object */;
			proxyType = 1;
			remoteGlobalIDString = 200E03592805527500F787F5;
			remoteInfo = InvoicesAppWatchOS;
		};
		200E038C2805527900F787F5 /* PBXContainerItemProxy */ = {
			isa = PBXContainerItemProxy;
			containerPortal = 20BC18962804A766005551FF /* Project object */;
			proxyType = 1;
			remoteGlobalIDString = 200E03592805527500F787F5;
			remoteInfo = InvoicesAppWatchOS;
		};
		20BC18B52804A768005551FF /* PBXContainerItemProxy */ = {
			isa = PBXContainerItemProxy;
			containerPortal = 20BC18962804A766005551FF /* Project object */;
			proxyType = 1;
			remoteGlobalIDString = 20BC189D2804A766005551FF;
			remoteInfo = InvoicesApp;
		};
		20BC18BF2804A768005551FF /* PBXContainerItemProxy */ = {
			isa = PBXContainerItemProxy;
			containerPortal = 20BC18962804A766005551FF /* Project object */;
			proxyType = 1;
			remoteGlobalIDString = 20BC189D2804A766005551FF;
			remoteInfo = InvoicesApp;
		};
/* End PBXContainerItemProxy section */

/* Begin PBXCopyFilesBuildPhase section */
		200E038F2805527900F787F5 /* Embed Watch Content */ = {
			isa = PBXCopyFilesBuildPhase;
			buildActionMask = 2147483647;
			dstPath = "$(CONTENTS_FOLDER_PATH)/Watch";
			dstSubfolderSpec = 16;
			files = (
				200E038E2805527900F787F5 /* InvoicesAppWatchOS.app in Embed Watch Content */,
			);
			name = "Embed Watch Content";
			runOnlyForDeploymentPostprocessing = 0;
		};
		200E03922805527900F787F5 /* Embed App Extensions */ = {
			isa = PBXCopyFilesBuildPhase;
			buildActionMask = 2147483647;
			dstPath = "";
			dstSubfolderSpec = 13;
			files = (
				200E03662805527800F787F5 /* InvoicesAppWatchOS WatchKit Extension.appex in Embed App Extensions */,
			);
			name = "Embed App Extensions";
			runOnlyForDeploymentPostprocessing = 0;
		};
/* End PBXCopyFilesBuildPhase section */

/* Begin PBXFileReference section */
		1AA3070EE275FE2F4FA32292 /* Pods-InvoicesApp.release.xcconfig */ = {isa = PBXFileReference; includeInIndex = 1; lastKnownFileType = text.xcconfig; name = "Pods-InvoicesApp.release.xcconfig"; path = "Target Support Files/Pods-InvoicesApp/Pods-InvoicesApp.release.xcconfig"; sourceTree = "<group>"; };
		200E035A2805527500F787F5 /* InvoicesAppWatchOS.app */ = {isa = PBXFileReference; explicitFileType = wrapper.application; includeInIndex = 0; path = InvoicesAppWatchOS.app; sourceTree = BUILT_PRODUCTS_DIR; };
		200E035D2805527500F787F5 /* Base */ = {isa = PBXFileReference; lastKnownFileType = file.storyboard; name = Base; path = Base.lproj/Interface.storyboard; sourceTree = "<group>"; };
		200E035F2805527700F787F5 /* Assets.xcassets */ = {isa = PBXFileReference; lastKnownFileType = folder.assetcatalog; path = Assets.xcassets; sourceTree = "<group>"; };
		200E03652805527800F787F5 /* InvoicesAppWatchOS WatchKit Extension.appex */ = {isa = PBXFileReference; explicitFileType = "wrapper.app-extension"; includeInIndex = 0; path = "InvoicesAppWatchOS WatchKit Extension.appex"; sourceTree = BUILT_PRODUCTS_DIR; };
		200E036A2805527800F787F5 /* InterfaceController.swift */ = {isa = PBXFileReference; lastKnownFileType = sourcecode.swift; path = InterfaceController.swift; sourceTree = "<group>"; };
		200E036C2805527800F787F5 /* ExtensionDelegate.swift */ = {isa = PBXFileReference; lastKnownFileType = sourcecode.swift; path = ExtensionDelegate.swift; sourceTree = "<group>"; };
		200E036E2805527800F787F5 /* NotificationController.swift */ = {isa = PBXFileReference; lastKnownFileType = sourcecode.swift; path = NotificationController.swift; sourceTree = "<group>"; };
		200E03702805527800F787F5 /* ComplicationController.swift */ = {isa = PBXFileReference; lastKnownFileType = sourcecode.swift; path = ComplicationController.swift; sourceTree = "<group>"; };
		200E03722805527900F787F5 /* Assets.xcassets */ = {isa = PBXFileReference; lastKnownFileType = folder.assetcatalog; path = Assets.xcassets; sourceTree = "<group>"; };
		200E03742805527900F787F5 /* Info.plist */ = {isa = PBXFileReference; lastKnownFileType = text.plist.xml; path = Info.plist; sourceTree = "<group>"; };
		200E03752805527900F787F5 /* PushNotificationPayload.apns */ = {isa = PBXFileReference; lastKnownFileType = text; path = PushNotificationPayload.apns; sourceTree = "<group>"; };
		200E037A2805527900F787F5 /* InvoicesAppWatchOSTests.xctest */ = {isa = PBXFileReference; explicitFileType = wrapper.cfbundle; includeInIndex = 0; path = InvoicesAppWatchOSTests.xctest; sourceTree = BUILT_PRODUCTS_DIR; };
		200E037E2805527900F787F5 /* InvoicesAppWatchOSTests.swift */ = {isa = PBXFileReference; lastKnownFileType = sourcecode.swift; path = InvoicesAppWatchOSTests.swift; sourceTree = "<group>"; };
		200E03842805527900F787F5 /* InvoicesAppWatchOSUITests.xctest */ = {isa = PBXFileReference; explicitFileType = wrapper.cfbundle; includeInIndex = 0; path = InvoicesAppWatchOSUITests.xctest; sourceTree = BUILT_PRODUCTS_DIR; };
		200E03882805527900F787F5 /* InvoicesAppWatchOSUITests.swift */ = {isa = PBXFileReference; lastKnownFileType = sourcecode.swift; path = InvoicesAppWatchOSUITests.swift; sourceTree = "<group>"; };
		200E038A2805527900F787F5 /* InvoicesAppWatchOSUITestsLaunchTests.swift */ = {isa = PBXFileReference; lastKnownFileType = sourcecode.swift; path = InvoicesAppWatchOSUITestsLaunchTests.swift; sourceTree = "<group>"; };
		20BC189E2804A766005551FF /* InvoicesApp.app */ = {isa = PBXFileReference; explicitFileType = wrapper.application; includeInIndex = 0; path = InvoicesApp.app; sourceTree = BUILT_PRODUCTS_DIR; };
		20BC18A12804A766005551FF /* AppDelegate.swift */ = {isa = PBXFileReference; lastKnownFileType = sourcecode.swift; path = AppDelegate.swift; sourceTree = "<group>"; };
		20BC18A52804A766005551FF /* ViewController.swift */ = {isa = PBXFileReference; lastKnownFileType = sourcecode.swift; path = ViewController.swift; sourceTree = "<group>"; };
		20BC18AA2804A768005551FF /* Assets.xcassets */ = {isa = PBXFileReference; lastKnownFileType = folder.assetcatalog; path = Assets.xcassets; sourceTree = "<group>"; };
		20BC18AD2804A768005551FF /* Base */ = {isa = PBXFileReference; lastKnownFileType = file.storyboard; name = Base; path = Base.lproj/LaunchScreen.storyboard; sourceTree = "<group>"; };
		20BC18AF2804A768005551FF /* Info.plist */ = {isa = PBXFileReference; lastKnownFileType = text.plist.xml; path = Info.plist; sourceTree = "<group>"; };
		20BC18B42804A768005551FF /* InvoicesAppTests.xctest */ = {isa = PBXFileReference; explicitFileType = wrapper.cfbundle; includeInIndex = 0; path = InvoicesAppTests.xctest; sourceTree = BUILT_PRODUCTS_DIR; };
		20BC18B82804A768005551FF /* InvoicesAppTests.swift */ = {isa = PBXFileReference; lastKnownFileType = sourcecode.swift; path = InvoicesAppTests.swift; sourceTree = "<group>"; };
		20BC18BE2804A768005551FF /* InvoicesAppUITests.xctest */ = {isa = PBXFileReference; explicitFileType = wrapper.cfbundle; includeInIndex = 0; path = InvoicesAppUITests.xctest; sourceTree = BUILT_PRODUCTS_DIR; };
		20BC18C22804A768005551FF /* InvoicesAppUITests.swift */ = {isa = PBXFileReference; lastKnownFileType = sourcecode.swift; path = InvoicesAppUITests.swift; sourceTree = "<group>"; };
		20BC18C42804A768005551FF /* InvoicesAppUITestsLaunchTests.swift */ = {isa = PBXFileReference; lastKnownFileType = sourcecode.swift; path = InvoicesAppUITestsLaunchTests.swift; sourceTree = "<group>"; };
		20BC18D12804A777005551FF /* InvoicesApp.entitlements */ = {isa = PBXFileReference; lastKnownFileType = text.plist.entitlements; path = InvoicesApp.entitlements; sourceTree = "<group>"; };
		20BC18D32804B5CC005551FF /* GoogleService-Info.plist */ = {isa = PBXFileReference; fileEncoding = 4; lastKnownFileType = text.plist.xml; path = "GoogleService-Info.plist"; sourceTree = "<group>"; };
		20BC18D92804B6AE005551FF /* FirebaseConfig.swift */ = {isa = PBXFileReference; lastKnownFileType = sourcecode.swift; path = FirebaseConfig.swift; sourceTree = "<group>"; };
		2787EA435FAC1431D40D3B54 /* Pods_InvoicesApp_InvoicesAppUITests.framework */ = {isa = PBXFileReference; explicitFileType = wrapper.framework; includeInIndex = 0; path = Pods_InvoicesApp_InvoicesAppUITests.framework; sourceTree = BUILT_PRODUCTS_DIR; };
		8911FC021F6324C2C60E6989 /* Pods_InvoicesApp.framework */ = {isa = PBXFileReference; explicitFileType = wrapper.framework; includeInIndex = 0; path = Pods_InvoicesApp.framework; sourceTree = BUILT_PRODUCTS_DIR; };
		977B884ADC83940230774D98 /* Pods-InvoicesAppTests.release.xcconfig */ = {isa = PBXFileReference; includeInIndex = 1; lastKnownFileType = text.xcconfig; name = "Pods-InvoicesAppTests.release.xcconfig"; path = "Target Support Files/Pods-InvoicesAppTests/Pods-InvoicesAppTests.release.xcconfig"; sourceTree = "<group>"; };
		A4A135CEC9500C016D433641 /* Pods_InvoicesAppTests.framework */ = {isa = PBXFileReference; explicitFileType = wrapper.framework; includeInIndex = 0; path = Pods_InvoicesAppTests.framework; sourceTree = BUILT_PRODUCTS_DIR; };
		BBD4F02B6B90CF3B160A3182 /* Pods-InvoicesApp.debug.xcconfig */ = {isa = PBXFileReference; includeInIndex = 1; lastKnownFileType = text.xcconfig; name = "Pods-InvoicesApp.debug.xcconfig"; path = "Target Support Files/Pods-InvoicesApp/Pods-InvoicesApp.debug.xcconfig"; sourceTree = "<group>"; };
		EB67F084D8E5A16CD042C62A /* Pods-InvoicesAppTests.debug.xcconfig */ = {isa = PBXFileReference; includeInIndex = 1; lastKnownFileType = text.xcconfig; name = "Pods-InvoicesAppTests.debug.xcconfig"; path = "Target Support Files/Pods-InvoicesAppTests/Pods-InvoicesAppTests.debug.xcconfig"; sourceTree = "<group>"; };
		ED2F24AD4C22768681FC54AA /* Pods-InvoicesApp-InvoicesAppUITests.release.xcconfig */ = {isa = PBXFileReference; includeInIndex = 1; lastKnownFileType = text.xcconfig; name = "Pods-InvoicesApp-InvoicesAppUITests.release.xcconfig"; path = "Target Support Files/Pods-InvoicesApp-InvoicesAppUITests/Pods-InvoicesApp-InvoicesAppUITests.release.xcconfig"; sourceTree = "<group>"; };
		FF4ECAC163D7279402EC39C1 /* Pods-InvoicesApp-InvoicesAppUITests.debug.xcconfig */ = {isa = PBXFileReference; includeInIndex = 1; lastKnownFileType = text.xcconfig; name = "Pods-InvoicesApp-InvoicesAppUITests.debug.xcconfig"; path = "Target Support Files/Pods-InvoicesApp-InvoicesAppUITests/Pods-InvoicesApp-InvoicesAppUITests.debug.xcconfig"; sourceTree = "<group>"; };
/* End PBXFileReference section */

/* Begin PBXFrameworksBuildPhase section */
		200E03622805527800F787F5 /* Frameworks */ = {
			isa = PBXFrameworksBuildPhase;
			buildActionMask = 2147483647;
			files = (
			);
			runOnlyForDeploymentPostprocessing = 0;
		};
		200E03772805527900F787F5 /* Frameworks */ = {
			isa = PBXFrameworksBuildPhase;
			buildActionMask = 2147483647;
			files = (
			);
			runOnlyForDeploymentPostprocessing = 0;
		};
		200E03812805527900F787F5 /* Frameworks */ = {
			isa = PBXFrameworksBuildPhase;
			buildActionMask = 2147483647;
			files = (
			);
			runOnlyForDeploymentPostprocessing = 0;
		};
		20BC189B2804A766005551FF /* Frameworks */ = {
			isa = PBXFrameworksBuildPhase;
			buildActionMask = 2147483647;
			files = (
				119F34AC89F7A55F484BC934 /* Pods_InvoicesApp.framework in Frameworks */,
			);
			runOnlyForDeploymentPostprocessing = 0;
		};
		20BC18B12804A768005551FF /* Frameworks */ = {
			isa = PBXFrameworksBuildPhase;
			buildActionMask = 2147483647;
			files = (
				6D37E43C194FB33E9337B389 /* Pods_InvoicesAppTests.framework in Frameworks */,
			);
			runOnlyForDeploymentPostprocessing = 0;
		};
		20BC18BB2804A768005551FF /* Frameworks */ = {
			isa = PBXFrameworksBuildPhase;
			buildActionMask = 2147483647;
			files = (
				8D94BA0A3C1C502011394B3D /* Pods_InvoicesApp_InvoicesAppUITests.framework in Frameworks */,
			);
			runOnlyForDeploymentPostprocessing = 0;
		};
/* End PBXFrameworksBuildPhase section */

/* Begin PBXGroup section */
		200E035B2805527500F787F5 /* InvoicesAppWatchOS */ = {
			isa = PBXGroup;
			children = (
				200E035C2805527500F787F5 /* Interface.storyboard */,
				200E035F2805527700F787F5 /* Assets.xcassets */,
			);
			path = InvoicesAppWatchOS;
			sourceTree = "<group>";
		};
		200E03692805527800F787F5 /* InvoicesAppWatchOS WatchKit Extension */ = {
			isa = PBXGroup;
			children = (
				200E036A2805527800F787F5 /* InterfaceController.swift */,
				200E036C2805527800F787F5 /* ExtensionDelegate.swift */,
				200E036E2805527800F787F5 /* NotificationController.swift */,
				200E03702805527800F787F5 /* ComplicationController.swift */,
				200E03722805527900F787F5 /* Assets.xcassets */,
				200E03742805527900F787F5 /* Info.plist */,
				200E03752805527900F787F5 /* PushNotificationPayload.apns */,
			);
			path = "InvoicesAppWatchOS WatchKit Extension";
			sourceTree = "<group>";
		};
		200E037D2805527900F787F5 /* InvoicesAppWatchOSTests */ = {
			isa = PBXGroup;
			children = (
				200E037E2805527900F787F5 /* InvoicesAppWatchOSTests.swift */,
			);
			path = InvoicesAppWatchOSTests;
			sourceTree = "<group>";
		};
		200E03872805527900F787F5 /* InvoicesAppWatchOSUITests */ = {
			isa = PBXGroup;
			children = (
				200E03882805527900F787F5 /* InvoicesAppWatchOSUITests.swift */,
				200E038A2805527900F787F5 /* InvoicesAppWatchOSUITestsLaunchTests.swift */,
			);
			path = InvoicesAppWatchOSUITests;
			sourceTree = "<group>";
		};
		20BC18952804A766005551FF = {
			isa = PBXGroup;
			children = (
				20BC18A02804A766005551FF /* InvoicesApp */,
				20BC18B72804A768005551FF /* InvoicesAppTests */,
				20BC18C12804A768005551FF /* InvoicesAppUITests */,
				200E035B2805527500F787F5 /* InvoicesAppWatchOS */,
				200E03692805527800F787F5 /* InvoicesAppWatchOS WatchKit Extension */,
				200E037D2805527900F787F5 /* InvoicesAppWatchOSTests */,
				200E03872805527900F787F5 /* InvoicesAppWatchOSUITests */,
				20BC189F2804A766005551FF /* Products */,
				DF07A54E5FA017A2F855EE09 /* Pods */,
				2F6985E506809C520A4E5A54 /* Frameworks */,
			);
			sourceTree = "<group>";
		};
		20BC189F2804A766005551FF /* Products */ = {
			isa = PBXGroup;
			children = (
				20BC189E2804A766005551FF /* InvoicesApp.app */,
				20BC18B42804A768005551FF /* InvoicesAppTests.xctest */,
				20BC18BE2804A768005551FF /* InvoicesAppUITests.xctest */,
				200E035A2805527500F787F5 /* InvoicesAppWatchOS.app */,
				200E03652805527800F787F5 /* InvoicesAppWatchOS WatchKit Extension.appex */,
				200E037A2805527900F787F5 /* InvoicesAppWatchOSTests.xctest */,
				200E03842805527900F787F5 /* InvoicesAppWatchOSUITests.xctest */,
			);
			name = Products;
			sourceTree = "<group>";
		};
		20BC18A02804A766005551FF /* InvoicesApp */ = {
			isa = PBXGroup;
			children = (
				20BC18D12804A777005551FF /* InvoicesApp.entitlements */,
				20BC18D52804B668005551FF /* AppDelegate */,
				20BC18D82804B696005551FF /* Config */,
				20BC18D62804B678005551FF /* Project Utils */,
				20BC18D72804B688005551FF /* Screens */,
				20BC18AF2804A768005551FF /* Info.plist */,
				20BC18D32804B5CC005551FF /* GoogleService-Info.plist */,
			);
			path = InvoicesApp;
			sourceTree = "<group>";
		};
		20BC18B72804A768005551FF /* InvoicesAppTests */ = {
			isa = PBXGroup;
			children = (
				20BC18B82804A768005551FF /* InvoicesAppTests.swift */,
			);
			path = InvoicesAppTests;
			sourceTree = "<group>";
		};
		20BC18C12804A768005551FF /* InvoicesAppUITests */ = {
			isa = PBXGroup;
			children = (
				20BC18C22804A768005551FF /* InvoicesAppUITests.swift */,
				20BC18C42804A768005551FF /* InvoicesAppUITestsLaunchTests.swift */,
			);
			path = InvoicesAppUITests;
			sourceTree = "<group>";
		};
		20BC18D52804B668005551FF /* AppDelegate */ = {
			isa = PBXGroup;
			children = (
				20BC18A12804A766005551FF /* AppDelegate.swift */,
			);
			path = AppDelegate;
			sourceTree = "<group>";
		};
		20BC18D62804B678005551FF /* Project Utils */ = {
			isa = PBXGroup;
			children = (
				20BC18AC2804A768005551FF /* LaunchScreen.storyboard */,
				20BC18AA2804A768005551FF /* Assets.xcassets */,
			);
			path = "Project Utils";
			sourceTree = "<group>";
		};
		20BC18D72804B688005551FF /* Screens */ = {
			isa = PBXGroup;
			children = (
				20BC18A52804A766005551FF /* ViewController.swift */,
			);
			path = Screens;
			sourceTree = "<group>";
		};
		20BC18D82804B696005551FF /* Config */ = {
			isa = PBXGroup;
			children = (
				20BC18D92804B6AE005551FF /* FirebaseConfig.swift */,
			);
			path = Config;
			sourceTree = "<group>";
		};
		2F6985E506809C520A4E5A54 /* Frameworks */ = {
			isa = PBXGroup;
			children = (
				8911FC021F6324C2C60E6989 /* Pods_InvoicesApp.framework */,
				2787EA435FAC1431D40D3B54 /* Pods_InvoicesApp_InvoicesAppUITests.framework */,
				A4A135CEC9500C016D433641 /* Pods_InvoicesAppTests.framework */,
			);
			name = Frameworks;
			sourceTree = "<group>";
		};
		DF07A54E5FA017A2F855EE09 /* Pods */ = {
			isa = PBXGroup;
			children = (
				BBD4F02B6B90CF3B160A3182 /* Pods-InvoicesApp.debug.xcconfig */,
				1AA3070EE275FE2F4FA32292 /* Pods-InvoicesApp.release.xcconfig */,
				FF4ECAC163D7279402EC39C1 /* Pods-InvoicesApp-InvoicesAppUITests.debug.xcconfig */,
				ED2F24AD4C22768681FC54AA /* Pods-InvoicesApp-InvoicesAppUITests.release.xcconfig */,
				EB67F084D8E5A16CD042C62A /* Pods-InvoicesAppTests.debug.xcconfig */,
				977B884ADC83940230774D98 /* Pods-InvoicesAppTests.release.xcconfig */,
			);
			path = Pods;
			sourceTree = "<group>";
		};
/* End PBXGroup section */

/* Begin PBXNativeTarget section */
		200E03592805527500F787F5 /* InvoicesAppWatchOS */ = {
			isa = PBXNativeTarget;
			buildConfigurationList = 200E039A2805527900F787F5 /* Build configuration list for PBXNativeTarget "InvoicesAppWatchOS" */;
			buildPhases = (
				200E03582805527500F787F5 /* Resources */,
				200E03922805527900F787F5 /* Embed App Extensions */,
			);
			buildRules = (
			);
			dependencies = (
				200E03682805527800F787F5 /* PBXTargetDependency */,
			);
			name = InvoicesAppWatchOS;
			productName = InvoicesAppWatchOS;
			productReference = 200E035A2805527500F787F5 /* InvoicesAppWatchOS.app */;
			productType = "com.apple.product-type.application.watchapp2";
		};
		200E03642805527800F787F5 /* InvoicesAppWatchOS WatchKit Extension */ = {
			isa = PBXNativeTarget;
			buildConfigurationList = 200E03992805527900F787F5 /* Build configuration list for PBXNativeTarget "InvoicesAppWatchOS WatchKit Extension" */;
			buildPhases = (
				200E03612805527800F787F5 /* Sources */,
				200E03622805527800F787F5 /* Frameworks */,
				200E03632805527800F787F5 /* Resources */,
			);
			buildRules = (
			);
			dependencies = (
			);
			name = "InvoicesAppWatchOS WatchKit Extension";
			productName = "InvoicesAppWatchOS WatchKit Extension";
			productReference = 200E03652805527800F787F5 /* InvoicesAppWatchOS WatchKit Extension.appex */;
			productType = "com.apple.product-type.watchkit2-extension";
		};
		200E03792805527900F787F5 /* InvoicesAppWatchOSTests */ = {
			isa = PBXNativeTarget;
			buildConfigurationList = 200E039B2805527900F787F5 /* Build configuration list for PBXNativeTarget "InvoicesAppWatchOSTests" */;
			buildPhases = (
				200E03762805527900F787F5 /* Sources */,
				200E03772805527900F787F5 /* Frameworks */,
				200E03782805527900F787F5 /* Resources */,
			);
			buildRules = (
			);
			dependencies = (
				200E037C2805527900F787F5 /* PBXTargetDependency */,
			);
			name = InvoicesAppWatchOSTests;
			productName = InvoicesAppWatchOSTests;
			productReference = 200E037A2805527900F787F5 /* InvoicesAppWatchOSTests.xctest */;
			productType = "com.apple.product-type.bundle.unit-test";
		};
		200E03832805527900F787F5 /* InvoicesAppWatchOSUITests */ = {
			isa = PBXNativeTarget;
			buildConfigurationList = 200E039C2805527900F787F5 /* Build configuration list for PBXNativeTarget "InvoicesAppWatchOSUITests" */;
			buildPhases = (
				200E03802805527900F787F5 /* Sources */,
				200E03812805527900F787F5 /* Frameworks */,
				200E03822805527900F787F5 /* Resources */,
			);
			buildRules = (
			);
			dependencies = (
				200E03862805527900F787F5 /* PBXTargetDependency */,
			);
			name = InvoicesAppWatchOSUITests;
			productName = InvoicesAppWatchOSUITests;
			productReference = 200E03842805527900F787F5 /* InvoicesAppWatchOSUITests.xctest */;
			productType = "com.apple.product-type.bundle.ui-testing";
		};
		20BC189D2804A766005551FF /* InvoicesApp */ = {
			isa = PBXNativeTarget;
			buildConfigurationList = 20BC18C82804A768005551FF /* Build configuration list for PBXNativeTarget "InvoicesApp" */;
			buildPhases = (
				A6A6D2EED9DA0D18AB313228 /* [CP] Check Pods Manifest.lock */,
				20BC189A2804A766005551FF /* Sources */,
				20BC189B2804A766005551FF /* Frameworks */,
				20BC189C2804A766005551FF /* Resources */,
				E644DE3135B926E4D58CC6F4 /* [CP] Embed Pods Frameworks */,
				20BC18DB2804B990005551FF /* Run Script */,
				200E038F2805527900F787F5 /* Embed Watch Content */,
			);
			buildRules = (
			);
			dependencies = (
				200E038D2805527900F787F5 /* PBXTargetDependency */,
			);
			name = InvoicesApp;
			productName = InvoicesApp;
			productReference = 20BC189E2804A766005551FF /* InvoicesApp.app */;
			productType = "com.apple.product-type.application";
		};
		20BC18B32804A768005551FF /* InvoicesAppTests */ = {
			isa = PBXNativeTarget;
			buildConfigurationList = 20BC18CB2804A768005551FF /* Build configuration list for PBXNativeTarget "InvoicesAppTests" */;
			buildPhases = (
				99C6B5769F495C0C5149A42E /* [CP] Check Pods Manifest.lock */,
				20BC18B02804A768005551FF /* Sources */,
				20BC18B12804A768005551FF /* Frameworks */,
				20BC18B22804A768005551FF /* Resources */,
			);
			buildRules = (
			);
			dependencies = (
				20BC18B62804A768005551FF /* PBXTargetDependency */,
			);
			name = InvoicesAppTests;
			productName = InvoicesAppTests;
			productReference = 20BC18B42804A768005551FF /* InvoicesAppTests.xctest */;
			productType = "com.apple.product-type.bundle.unit-test";
		};
		20BC18BD2804A768005551FF /* InvoicesAppUITests */ = {
			isa = PBXNativeTarget;
			buildConfigurationList = 20BC18CE2804A768005551FF /* Build configuration list for PBXNativeTarget "InvoicesAppUITests" */;
			buildPhases = (
				CDC7EFD45F3447970CBEF79A /* [CP] Check Pods Manifest.lock */,
				20BC18BA2804A768005551FF /* Sources */,
				20BC18BB2804A768005551FF /* Frameworks */,
				20BC18BC2804A768005551FF /* Resources */,
				E29B82A6878661C98A77DD58 /* [CP] Embed Pods Frameworks */,
			);
			buildRules = (
			);
			dependencies = (
				20BC18C02804A768005551FF /* PBXTargetDependency */,
			);
			name = InvoicesAppUITests;
			productName = InvoicesAppUITests;
			productReference = 20BC18BE2804A768005551FF /* InvoicesAppUITests.xctest */;
			productType = "com.apple.product-type.bundle.ui-testing";
		};
/* End PBXNativeTarget section */

/* Begin PBXProject section */
		20BC18962804A766005551FF /* Project object */ = {
			isa = PBXProject;
			attributes = {
				BuildIndependentTargetsInParallel = 1;
				LastSwiftUpdateCheck = 1320;
				LastUpgradeCheck = 1320;
				TargetAttributes = {
					200E03592805527500F787F5 = {
						CreatedOnToolsVersion = 13.2.1;
					};
					200E03642805527800F787F5 = {
						CreatedOnToolsVersion = 13.2.1;
					};
					200E03792805527900F787F5 = {
						CreatedOnToolsVersion = 13.2.1;
						TestTargetID = 200E03642805527800F787F5;
					};
					200E03832805527900F787F5 = {
						CreatedOnToolsVersion = 13.2.1;
						TestTargetID = 200E03592805527500F787F5;
					};
					20BC189D2804A766005551FF = {
						CreatedOnToolsVersion = 13.2.1;
					};
					20BC18B32804A768005551FF = {
						CreatedOnToolsVersion = 13.2.1;
						TestTargetID = 20BC189D2804A766005551FF;
					};
					20BC18BD2804A768005551FF = {
						CreatedOnToolsVersion = 13.2.1;
						TestTargetID = 20BC189D2804A766005551FF;
					};
				};
			};
			buildConfigurationList = 20BC18992804A766005551FF /* Build configuration list for PBXProject "InvoicesApp" */;
			compatibilityVersion = "Xcode 13.0";
			developmentRegion = en;
			hasScannedForEncodings = 0;
			knownRegions = (
				en,
				Base,
			);
			mainGroup = 20BC18952804A766005551FF;
			productRefGroup = 20BC189F2804A766005551FF /* Products */;
			projectDirPath = "";
			projectRoot = "";
			targets = (
				20BC189D2804A766005551FF /* InvoicesApp */,
				20BC18B32804A768005551FF /* InvoicesAppTests */,
				20BC18BD2804A768005551FF /* InvoicesAppUITests */,
				200E03592805527500F787F5 /* InvoicesAppWatchOS */,
				200E03642805527800F787F5 /* InvoicesAppWatchOS WatchKit Extension */,
				200E03792805527900F787F5 /* InvoicesAppWatchOSTests */,
				200E03832805527900F787F5 /* InvoicesAppWatchOSUITests */,
			);
		};
/* End PBXProject section */

/* Begin PBXResourcesBuildPhase section */
		200E03582805527500F787F5 /* Resources */ = {
			isa = PBXResourcesBuildPhase;
			buildActionMask = 2147483647;
			files = (
				200E03602805527700F787F5 /* Assets.xcassets in Resources */,
				200E035E2805527500F787F5 /* Interface.storyboard in Resources */,
			);
			runOnlyForDeploymentPostprocessing = 0;
		};
		200E03632805527800F787F5 /* Resources */ = {
			isa = PBXResourcesBuildPhase;
			buildActionMask = 2147483647;
			files = (
				200E03732805527900F787F5 /* Assets.xcassets in Resources */,
			);
			runOnlyForDeploymentPostprocessing = 0;
		};
		200E03782805527900F787F5 /* Resources */ = {
			isa = PBXResourcesBuildPhase;
			buildActionMask = 2147483647;
			files = (
			);
			runOnlyForDeploymentPostprocessing = 0;
		};
		200E03822805527900F787F5 /* Resources */ = {
			isa = PBXResourcesBuildPhase;
			buildActionMask = 2147483647;
			files = (
			);
			runOnlyForDeploymentPostprocessing = 0;
		};
		20BC189C2804A766005551FF /* Resources */ = {
			isa = PBXResourcesBuildPhase;
			buildActionMask = 2147483647;
			files = (
				20BC18AE2804A768005551FF /* LaunchScreen.storyboard in Resources */,
				20BC18AB2804A768005551FF /* Assets.xcassets in Resources */,
				20BC18D42804B5CC005551FF /* GoogleService-Info.plist in Resources */,
			);
			runOnlyForDeploymentPostprocessing = 0;
		};
		20BC18B22804A768005551FF /* Resources */ = {
			isa = PBXResourcesBuildPhase;
			buildActionMask = 2147483647;
			files = (
			);
			runOnlyForDeploymentPostprocessing = 0;
		};
		20BC18BC2804A768005551FF /* Resources */ = {
			isa = PBXResourcesBuildPhase;
			buildActionMask = 2147483647;
			files = (
			);
			runOnlyForDeploymentPostprocessing = 0;
		};
/* End PBXResourcesBuildPhase section */

/* Begin PBXShellScriptBuildPhase section */
		20BC18DB2804B990005551FF /* Run Script */ = {
			isa = PBXShellScriptBuildPhase;
			buildActionMask = 2147483647;
			files = (
			);
			inputFileListPaths = (
			);
			inputPaths = (
				"$(SRCROOT)/$(BUILT_PRODUCTS_DIR)/$(INFOPLIST_PATH)",
				"${DWARF_DSYM_FOLDER_PATH}/${DWARF_DSYM_FILE_NAME}/Contents/Resources/DWARF/${TARGET_NAME}",
			);
			name = "Run Script";
			outputFileListPaths = (
			);
			outputPaths = (
			);
			runOnlyForDeploymentPostprocessing = 0;
			shellPath = /bin/sh;
			shellScript = "# Type a script or drag a script file from your workspace to insert its path.\n\"${PODS_ROOT}/FirebaseCrashlytics/run\"\n";
		};
		99C6B5769F495C0C5149A42E /* [CP] Check Pods Manifest.lock */ = {
			isa = PBXShellScriptBuildPhase;
			buildActionMask = 2147483647;
			files = (
			);
			inputFileListPaths = (
			);
			inputPaths = (
				"${PODS_PODFILE_DIR_PATH}/Podfile.lock",
				"${PODS_ROOT}/Manifest.lock",
			);
			name = "[CP] Check Pods Manifest.lock";
			outputFileListPaths = (
			);
			outputPaths = (
				"$(DERIVED_FILE_DIR)/Pods-InvoicesAppTests-checkManifestLockResult.txt",
			);
			runOnlyForDeploymentPostprocessing = 0;
			shellPath = /bin/sh;
			shellScript = "diff \"${PODS_PODFILE_DIR_PATH}/Podfile.lock\" \"${PODS_ROOT}/Manifest.lock\" > /dev/null\nif [ $? != 0 ] ; then\n    # print error to STDERR\n    echo \"error: The sandbox is not in sync with the Podfile.lock. Run 'pod install' or update your CocoaPods installation.\" >&2\n    exit 1\nfi\n# This output is used by Xcode 'outputs' to avoid re-running this script phase.\necho \"SUCCESS\" > \"${SCRIPT_OUTPUT_FILE_0}\"\n";
			showEnvVarsInLog = 0;
		};
		A6A6D2EED9DA0D18AB313228 /* [CP] Check Pods Manifest.lock */ = {
			isa = PBXShellScriptBuildPhase;
			buildActionMask = 2147483647;
			files = (
			);
			inputFileListPaths = (
			);
			inputPaths = (
				"${PODS_PODFILE_DIR_PATH}/Podfile.lock",
				"${PODS_ROOT}/Manifest.lock",
			);
			name = "[CP] Check Pods Manifest.lock";
			outputFileListPaths = (
			);
			outputPaths = (
				"$(DERIVED_FILE_DIR)/Pods-InvoicesApp-checkManifestLockResult.txt",
			);
			runOnlyForDeploymentPostprocessing = 0;
			shellPath = /bin/sh;
			shellScript = "diff \"${PODS_PODFILE_DIR_PATH}/Podfile.lock\" \"${PODS_ROOT}/Manifest.lock\" > /dev/null\nif [ $? != 0 ] ; then\n    # print error to STDERR\n    echo \"error: The sandbox is not in sync with the Podfile.lock. Run 'pod install' or update your CocoaPods installation.\" >&2\n    exit 1\nfi\n# This output is used by Xcode 'outputs' to avoid re-running this script phase.\necho \"SUCCESS\" > \"${SCRIPT_OUTPUT_FILE_0}\"\n";
			showEnvVarsInLog = 0;
		};
		CDC7EFD45F3447970CBEF79A /* [CP] Check Pods Manifest.lock */ = {
			isa = PBXShellScriptBuildPhase;
			buildActionMask = 2147483647;
			files = (
			);
			inputFileListPaths = (
			);
			inputPaths = (
				"${PODS_PODFILE_DIR_PATH}/Podfile.lock",
				"${PODS_ROOT}/Manifest.lock",
			);
			name = "[CP] Check Pods Manifest.lock";
			outputFileListPaths = (
			);
			outputPaths = (
				"$(DERIVED_FILE_DIR)/Pods-InvoicesApp-InvoicesAppUITests-checkManifestLockResult.txt",
			);
			runOnlyForDeploymentPostprocessing = 0;
			shellPath = /bin/sh;
			shellScript = "diff \"${PODS_PODFILE_DIR_PATH}/Podfile.lock\" \"${PODS_ROOT}/Manifest.lock\" > /dev/null\nif [ $? != 0 ] ; then\n    # print error to STDERR\n    echo \"error: The sandbox is not in sync with the Podfile.lock. Run 'pod install' or update your CocoaPods installation.\" >&2\n    exit 1\nfi\n# This output is used by Xcode 'outputs' to avoid re-running this script phase.\necho \"SUCCESS\" > \"${SCRIPT_OUTPUT_FILE_0}\"\n";
			showEnvVarsInLog = 0;
		};
		E29B82A6878661C98A77DD58 /* [CP] Embed Pods Frameworks */ = {
			isa = PBXShellScriptBuildPhase;
			buildActionMask = 2147483647;
			files = (
			);
			inputFileListPaths = (
				"${PODS_ROOT}/Target Support Files/Pods-InvoicesApp-InvoicesAppUITests/Pods-InvoicesApp-InvoicesAppUITests-frameworks-${CONFIGURATION}-input-files.xcfilelist",
			);
			name = "[CP] Embed Pods Frameworks";
			outputFileListPaths = (
				"${PODS_ROOT}/Target Support Files/Pods-InvoicesApp-InvoicesAppUITests/Pods-InvoicesApp-InvoicesAppUITests-frameworks-${CONFIGURATION}-output-files.xcfilelist",
			);
			runOnlyForDeploymentPostprocessing = 0;
			shellPath = /bin/sh;
			shellScript = "\"${PODS_ROOT}/Target Support Files/Pods-InvoicesApp-InvoicesAppUITests/Pods-InvoicesApp-InvoicesAppUITests-frameworks.sh\"\n";
			showEnvVarsInLog = 0;
		};
		E644DE3135B926E4D58CC6F4 /* [CP] Embed Pods Frameworks */ = {
			isa = PBXShellScriptBuildPhase;
			buildActionMask = 2147483647;
			files = (
			);
			inputFileListPaths = (
				"${PODS_ROOT}/Target Support Files/Pods-InvoicesApp/Pods-InvoicesApp-frameworks-${CONFIGURATION}-input-files.xcfilelist",
			);
			name = "[CP] Embed Pods Frameworks";
			outputFileListPaths = (
				"${PODS_ROOT}/Target Support Files/Pods-InvoicesApp/Pods-InvoicesApp-frameworks-${CONFIGURATION}-output-files.xcfilelist",
			);
			runOnlyForDeploymentPostprocessing = 0;
			shellPath = /bin/sh;
			shellScript = "\"${PODS_ROOT}/Target Support Files/Pods-InvoicesApp/Pods-InvoicesApp-frameworks.sh\"\n";
			showEnvVarsInLog = 0;
		};
/* End PBXShellScriptBuildPhase section */

/* Begin PBXSourcesBuildPhase section */
		200E03612805527800F787F5 /* Sources */ = {
			isa = PBXSourcesBuildPhase;
			buildActionMask = 2147483647;
			files = (
				200E036F2805527800F787F5 /* NotificationController.swift in Sources */,
				200E03712805527800F787F5 /* ComplicationController.swift in Sources */,
				200E036D2805527800F787F5 /* ExtensionDelegate.swift in Sources */,
				200E036B2805527800F787F5 /* InterfaceController.swift in Sources */,
			);
			runOnlyForDeploymentPostprocessing = 0;
		};
		200E03762805527900F787F5 /* Sources */ = {
			isa = PBXSourcesBuildPhase;
			buildActionMask = 2147483647;
			files = (
				200E037F2805527900F787F5 /* InvoicesAppWatchOSTests.swift in Sources */,
			);
			runOnlyForDeploymentPostprocessing = 0;
		};
		200E03802805527900F787F5 /* Sources */ = {
			isa = PBXSourcesBuildPhase;
			buildActionMask = 2147483647;
			files = (
				200E038B2805527900F787F5 /* InvoicesAppWatchOSUITestsLaunchTests.swift in Sources */,
				200E03892805527900F787F5 /* InvoicesAppWatchOSUITests.swift in Sources */,
			);
			runOnlyForDeploymentPostprocessing = 0;
		};
		20BC189A2804A766005551FF /* Sources */ = {
			isa = PBXSourcesBuildPhase;
			buildActionMask = 2147483647;
			files = (
				20BC18DA2804B6AF005551FF /* FirebaseConfig.swift in Sources */,
				20BC18A62804A766005551FF /* ViewController.swift in Sources */,
				20BC18A22804A766005551FF /* AppDelegate.swift in Sources */,
			);
			runOnlyForDeploymentPostprocessing = 0;
		};
		20BC18B02804A768005551FF /* Sources */ = {
			isa = PBXSourcesBuildPhase;
			buildActionMask = 2147483647;
			files = (
				20BC18B92804A768005551FF /* InvoicesAppTests.swift in Sources */,
			);
			runOnlyForDeploymentPostprocessing = 0;
		};
		20BC18BA2804A768005551FF /* Sources */ = {
			isa = PBXSourcesBuildPhase;
			buildActionMask = 2147483647;
			files = (
				20BC18C52804A768005551FF /* InvoicesAppUITestsLaunchTests.swift in Sources */,
				20BC18C32804A768005551FF /* InvoicesAppUITests.swift in Sources */,
			);
			runOnlyForDeploymentPostprocessing = 0;
		};
/* End PBXSourcesBuildPhase section */

/* Begin PBXTargetDependency section */
		200E03682805527800F787F5 /* PBXTargetDependency */ = {
			isa = PBXTargetDependency;
			target = 200E03642805527800F787F5 /* InvoicesAppWatchOS WatchKit Extension */;
			targetProxy = 200E03672805527800F787F5 /* PBXContainerItemProxy */;
		};
		200E037C2805527900F787F5 /* PBXTargetDependency */ = {
			isa = PBXTargetDependency;
			target = 200E03642805527800F787F5 /* InvoicesAppWatchOS WatchKit Extension */;
			targetProxy = 200E037B2805527900F787F5 /* PBXContainerItemProxy */;
		};
		200E03862805527900F787F5 /* PBXTargetDependency */ = {
			isa = PBXTargetDependency;
			target = 200E03592805527500F787F5 /* InvoicesAppWatchOS */;
			targetProxy = 200E03852805527900F787F5 /* PBXContainerItemProxy */;
		};
		200E038D2805527900F787F5 /* PBXTargetDependency */ = {
			isa = PBXTargetDependency;
			target = 200E03592805527500F787F5 /* InvoicesAppWatchOS */;
			targetProxy = 200E038C2805527900F787F5 /* PBXContainerItemProxy */;
		};
		20BC18B62804A768005551FF /* PBXTargetDependency */ = {
			isa = PBXTargetDependency;
			target = 20BC189D2804A766005551FF /* InvoicesApp */;
			targetProxy = 20BC18B52804A768005551FF /* PBXContainerItemProxy */;
		};
		20BC18C02804A768005551FF /* PBXTargetDependency */ = {
			isa = PBXTargetDependency;
			target = 20BC189D2804A766005551FF /* InvoicesApp */;
			targetProxy = 20BC18BF2804A768005551FF /* PBXContainerItemProxy */;
		};
/* End PBXTargetDependency section */

/* Begin PBXVariantGroup section */
		200E035C2805527500F787F5 /* Interface.storyboard */ = {
			isa = PBXVariantGroup;
			children = (
				200E035D2805527500F787F5 /* Base */,
			);
			name = Interface.storyboard;
			sourceTree = "<group>";
		};
		20BC18AC2804A768005551FF /* LaunchScreen.storyboard */ = {
			isa = PBXVariantGroup;
			children = (
				20BC18AD2804A768005551FF /* Base */,
			);
			name = LaunchScreen.storyboard;
			sourceTree = "<group>";
		};
/* End PBXVariantGroup section */

/* Begin XCBuildConfiguration section */
		200E03902805527900F787F5 /* Debug */ = {
			isa = XCBuildConfiguration;
			buildSettings = {
				ALWAYS_EMBED_SWIFT_STANDARD_LIBRARIES = YES;
				ASSETCATALOG_COMPILER_APPICON_NAME = AppIcon;
				ASSETCATALOG_COMPILER_GLOBAL_ACCENT_COLOR_NAME = AccentColor;
				CODE_SIGN_STYLE = Automatic;
				CURRENT_PROJECT_VERSION = 1;
				DEVELOPMENT_TEAM = 25G7LS3L22;
				GENERATE_INFOPLIST_FILE = YES;
				IBSC_MODULE = InvoicesAppWatchOS_WatchKit_Extension;
				INFOPLIST_KEY_CFBundleDisplayName = InvoicesAppWatchOS;
				INFOPLIST_KEY_UISupportedInterfaceOrientations = "UIInterfaceOrientationPortrait UIInterfaceOrientationPortraitUpsideDown";
				INFOPLIST_KEY_WKCompanionAppBundleIdentifier = ivangabriel.InvoicesApp;
				MARKETING_VERSION = 1.0;
				PRODUCT_BUNDLE_IDENTIFIER = ivangabriel.InvoicesApp.watchkitapp;
				PRODUCT_NAME = "$(TARGET_NAME)";
				SDKROOT = watchos;
				SKIP_INSTALL = YES;
				SWIFT_EMIT_LOC_STRINGS = YES;
				SWIFT_VERSION = 5.0;
				TARGETED_DEVICE_FAMILY = 4;
				WATCHOS_DEPLOYMENT_TARGET = 8.3;
			};
			name = Debug;
		};
		200E03912805527900F787F5 /* Release */ = {
			isa = XCBuildConfiguration;
			buildSettings = {
				ALWAYS_EMBED_SWIFT_STANDARD_LIBRARIES = YES;
				ASSETCATALOG_COMPILER_APPICON_NAME = AppIcon;
				ASSETCATALOG_COMPILER_GLOBAL_ACCENT_COLOR_NAME = AccentColor;
				CODE_SIGN_STYLE = Automatic;
				CURRENT_PROJECT_VERSION = 1;
				DEVELOPMENT_TEAM = 25G7LS3L22;
				GENERATE_INFOPLIST_FILE = YES;
				IBSC_MODULE = InvoicesAppWatchOS_WatchKit_Extension;
				INFOPLIST_KEY_CFBundleDisplayName = InvoicesAppWatchOS;
				INFOPLIST_KEY_UISupportedInterfaceOrientations = "UIInterfaceOrientationPortrait UIInterfaceOrientationPortraitUpsideDown";
				INFOPLIST_KEY_WKCompanionAppBundleIdentifier = ivangabriel.InvoicesApp;
				MARKETING_VERSION = 1.0;
				PRODUCT_BUNDLE_IDENTIFIER = ivangabriel.InvoicesApp.watchkitapp;
				PRODUCT_NAME = "$(TARGET_NAME)";
				SDKROOT = watchos;
				SKIP_INSTALL = YES;
				SWIFT_EMIT_LOC_STRINGS = YES;
				SWIFT_VERSION = 5.0;
				TARGETED_DEVICE_FAMILY = 4;
				WATCHOS_DEPLOYMENT_TARGET = 8.3;
			};
			name = Release;
		};
		200E03932805527900F787F5 /* Debug */ = {
			isa = XCBuildConfiguration;
			buildSettings = {
				ASSETCATALOG_COMPILER_COMPLICATION_NAME = Complication;
				CODE_SIGN_STYLE = Automatic;
				CURRENT_PROJECT_VERSION = 1;
				DEVELOPMENT_TEAM = 25G7LS3L22;
				GENERATE_INFOPLIST_FILE = YES;
				INFOPLIST_FILE = "InvoicesAppWatchOS WatchKit Extension/Info.plist";
				INFOPLIST_KEY_CFBundleDisplayName = "InvoicesAppWatchOS WatchKit Extension";
				INFOPLIST_KEY_CLKComplicationPrincipalClass = "$(PRODUCT_MODULE_NAME).ComplicationController";
				INFOPLIST_KEY_NSHumanReadableCopyright = "";
				INFOPLIST_KEY_WKExtensionDelegateClassName = "$(PRODUCT_MODULE_NAME).ExtensionDelegate";
				LD_RUNPATH_SEARCH_PATHS = (
					"$(inherited)",
					"@executable_path/Frameworks",
					"@executable_path/../../Frameworks",
				);
				MARKETING_VERSION = 1.0;
				PRODUCT_BUNDLE_IDENTIFIER = ivangabriel.InvoicesApp.watchkitapp.watchkitextension;
				PRODUCT_NAME = "${TARGET_NAME}";
				SDKROOT = watchos;
				SKIP_INSTALL = YES;
				SWIFT_EMIT_LOC_STRINGS = YES;
				SWIFT_VERSION = 5.0;
				TARGETED_DEVICE_FAMILY = 4;
				WATCHOS_DEPLOYMENT_TARGET = 8.3;
			};
			name = Debug;
		};
		200E03942805527900F787F5 /* Release */ = {
			isa = XCBuildConfiguration;
			buildSettings = {
				ASSETCATALOG_COMPILER_COMPLICATION_NAME = Complication;
				CODE_SIGN_STYLE = Automatic;
				CURRENT_PROJECT_VERSION = 1;
				DEVELOPMENT_TEAM = 25G7LS3L22;
				GENERATE_INFOPLIST_FILE = YES;
				INFOPLIST_FILE = "InvoicesAppWatchOS WatchKit Extension/Info.plist";
				INFOPLIST_KEY_CFBundleDisplayName = "InvoicesAppWatchOS WatchKit Extension";
				INFOPLIST_KEY_CLKComplicationPrincipalClass = "$(PRODUCT_MODULE_NAME).ComplicationController";
				INFOPLIST_KEY_NSHumanReadableCopyright = "";
				INFOPLIST_KEY_WKExtensionDelegateClassName = "$(PRODUCT_MODULE_NAME).ExtensionDelegate";
				LD_RUNPATH_SEARCH_PATHS = (
					"$(inherited)",
					"@executable_path/Frameworks",
					"@executable_path/../../Frameworks",
				);
				MARKETING_VERSION = 1.0;
				PRODUCT_BUNDLE_IDENTIFIER = ivangabriel.InvoicesApp.watchkitapp.watchkitextension;
				PRODUCT_NAME = "${TARGET_NAME}";
				SDKROOT = watchos;
				SKIP_INSTALL = YES;
				SWIFT_EMIT_LOC_STRINGS = YES;
				SWIFT_VERSION = 5.0;
				TARGETED_DEVICE_FAMILY = 4;
				WATCHOS_DEPLOYMENT_TARGET = 8.3;
			};
			name = Release;
		};
		200E03952805527900F787F5 /* Debug */ = {
			isa = XCBuildConfiguration;
			buildSettings = {
				ALWAYS_EMBED_SWIFT_STANDARD_LIBRARIES = YES;
				BUNDLE_LOADER = "$(TEST_HOST)";
				CODE_SIGN_STYLE = Automatic;
				CURRENT_PROJECT_VERSION = 1;
				DEVELOPMENT_TEAM = 25G7LS3L22;
				GENERATE_INFOPLIST_FILE = YES;
				MARKETING_VERSION = 1.0;
				PRODUCT_BUNDLE_IDENTIFIER = ivangabriel.InvoicesApp.InvoicesAppWatchOSTests;
				PRODUCT_NAME = "$(TARGET_NAME)";
				SDKROOT = watchos;
				SWIFT_EMIT_LOC_STRINGS = NO;
				SWIFT_VERSION = 5.0;
				TARGETED_DEVICE_FAMILY = 4;
				TEST_HOST = "$(BUILT_PRODUCTS_DIR)/InvoicesAppWatchOS WatchKit Extension.appex/InvoicesAppWatchOS WatchKit Extension";
				WATCHOS_DEPLOYMENT_TARGET = 8.3;
			};
			name = Debug;
		};
		200E03962805527900F787F5 /* Release */ = {
			isa = XCBuildConfiguration;
			buildSettings = {
				ALWAYS_EMBED_SWIFT_STANDARD_LIBRARIES = YES;
				BUNDLE_LOADER = "$(TEST_HOST)";
				CODE_SIGN_STYLE = Automatic;
				CURRENT_PROJECT_VERSION = 1;
				DEVELOPMENT_TEAM = 25G7LS3L22;
				GENERATE_INFOPLIST_FILE = YES;
				MARKETING_VERSION = 1.0;
				PRODUCT_BUNDLE_IDENTIFIER = ivangabriel.InvoicesApp.InvoicesAppWatchOSTests;
				PRODUCT_NAME = "$(TARGET_NAME)";
				SDKROOT = watchos;
				SWIFT_EMIT_LOC_STRINGS = NO;
				SWIFT_VERSION = 5.0;
				TARGETED_DEVICE_FAMILY = 4;
				TEST_HOST = "$(BUILT_PRODUCTS_DIR)/InvoicesAppWatchOS WatchKit Extension.appex/InvoicesAppWatchOS WatchKit Extension";
				WATCHOS_DEPLOYMENT_TARGET = 8.3;
			};
			name = Release;
		};
		200E03972805527900F787F5 /* Debug */ = {
			isa = XCBuildConfiguration;
			buildSettings = {
				CODE_SIGN_STYLE = Automatic;
				CURRENT_PROJECT_VERSION = 1;
				DEVELOPMENT_TEAM = 25G7LS3L22;
				GENERATE_INFOPLIST_FILE = YES;
				MARKETING_VERSION = 1.0;
				PRODUCT_BUNDLE_IDENTIFIER = ivangabriel.InvoicesApp.InvoicesAppWatchOSUITests;
				PRODUCT_NAME = "$(TARGET_NAME)";
				SDKROOT = watchos;
				SWIFT_EMIT_LOC_STRINGS = NO;
				SWIFT_VERSION = 5.0;
				TARGETED_DEVICE_FAMILY = 4;
				TEST_TARGET_NAME = InvoicesAppWatchOS;
				WATCHOS_DEPLOYMENT_TARGET = 8.3;
			};
			name = Debug;
		};
		200E03982805527900F787F5 /* Release */ = {
			isa = XCBuildConfiguration;
			buildSettings = {
				CODE_SIGN_STYLE = Automatic;
				CURRENT_PROJECT_VERSION = 1;
				DEVELOPMENT_TEAM = 25G7LS3L22;
				GENERATE_INFOPLIST_FILE = YES;
				MARKETING_VERSION = 1.0;
				PRODUCT_BUNDLE_IDENTIFIER = ivangabriel.InvoicesApp.InvoicesAppWatchOSUITests;
				PRODUCT_NAME = "$(TARGET_NAME)";
				SDKROOT = watchos;
				SWIFT_EMIT_LOC_STRINGS = NO;
				SWIFT_VERSION = 5.0;
				TARGETED_DEVICE_FAMILY = 4;
				TEST_TARGET_NAME = InvoicesAppWatchOS;
				WATCHOS_DEPLOYMENT_TARGET = 8.3;
			};
			name = Release;
		};
		20BC18C62804A768005551FF /* Debug */ = {
			isa = XCBuildConfiguration;
			buildSettings = {
				ALWAYS_SEARCH_USER_PATHS = NO;
				CLANG_ANALYZER_NONNULL = YES;
				CLANG_ANALYZER_NUMBER_OBJECT_CONVERSION = YES_AGGRESSIVE;
				CLANG_CXX_LANGUAGE_STANDARD = "gnu++17";
				CLANG_CXX_LIBRARY = "libc++";
				CLANG_ENABLE_MODULES = YES;
				CLANG_ENABLE_OBJC_ARC = YES;
				CLANG_ENABLE_OBJC_WEAK = YES;
				CLANG_WARN_BLOCK_CAPTURE_AUTORELEASING = YES;
				CLANG_WARN_BOOL_CONVERSION = YES;
				CLANG_WARN_COMMA = YES;
				CLANG_WARN_CONSTANT_CONVERSION = YES;
				CLANG_WARN_DEPRECATED_OBJC_IMPLEMENTATIONS = YES;
				CLANG_WARN_DIRECT_OBJC_ISA_USAGE = YES_ERROR;
				CLANG_WARN_DOCUMENTATION_COMMENTS = YES;
				CLANG_WARN_EMPTY_BODY = YES;
				CLANG_WARN_ENUM_CONVERSION = YES;
				CLANG_WARN_INFINITE_RECURSION = YES;
				CLANG_WARN_INT_CONVERSION = YES;
				CLANG_WARN_NON_LITERAL_NULL_CONVERSION = YES;
				CLANG_WARN_OBJC_IMPLICIT_RETAIN_SELF = YES;
				CLANG_WARN_OBJC_LITERAL_CONVERSION = YES;
				CLANG_WARN_OBJC_ROOT_CLASS = YES_ERROR;
				CLANG_WARN_QUOTED_INCLUDE_IN_FRAMEWORK_HEADER = YES;
				CLANG_WARN_RANGE_LOOP_ANALYSIS = YES;
				CLANG_WARN_STRICT_PROTOTYPES = YES;
				CLANG_WARN_SUSPICIOUS_MOVE = YES;
				CLANG_WARN_UNGUARDED_AVAILABILITY = YES_AGGRESSIVE;
				CLANG_WARN_UNREACHABLE_CODE = YES;
				CLANG_WARN__DUPLICATE_METHOD_MATCH = YES;
				COPY_PHASE_STRIP = NO;
				DEBUG_INFORMATION_FORMAT = dwarf;
				ENABLE_STRICT_OBJC_MSGSEND = YES;
				ENABLE_TESTABILITY = YES;
				GCC_C_LANGUAGE_STANDARD = gnu11;
				GCC_DYNAMIC_NO_PIC = NO;
				GCC_NO_COMMON_BLOCKS = YES;
				GCC_OPTIMIZATION_LEVEL = 0;
				GCC_PREPROCESSOR_DEFINITIONS = (
					"DEBUG=1",
					"$(inherited)",
				);
				GCC_WARN_64_TO_32_BIT_CONVERSION = YES;
				GCC_WARN_ABOUT_RETURN_TYPE = YES_ERROR;
				GCC_WARN_UNDECLARED_SELECTOR = YES;
				GCC_WARN_UNINITIALIZED_AUTOS = YES_AGGRESSIVE;
				GCC_WARN_UNUSED_FUNCTION = YES;
				GCC_WARN_UNUSED_VARIABLE = YES;
				IPHONEOS_DEPLOYMENT_TARGET = 15.2;
				MTL_ENABLE_DEBUG_INFO = INCLUDE_SOURCE;
				MTL_FAST_MATH = YES;
				ONLY_ACTIVE_ARCH = YES;
				SDKROOT = iphoneos;
				SWIFT_ACTIVE_COMPILATION_CONDITIONS = DEBUG;
				SWIFT_OPTIMIZATION_LEVEL = "-Onone";
			};
			name = Debug;
		};
		20BC18C72804A768005551FF /* Release */ = {
			isa = XCBuildConfiguration;
			buildSettings = {
				ALWAYS_SEARCH_USER_PATHS = NO;
				CLANG_ANALYZER_NONNULL = YES;
				CLANG_ANALYZER_NUMBER_OBJECT_CONVERSION = YES_AGGRESSIVE;
				CLANG_CXX_LANGUAGE_STANDARD = "gnu++17";
				CLANG_CXX_LIBRARY = "libc++";
				CLANG_ENABLE_MODULES = YES;
				CLANG_ENABLE_OBJC_ARC = YES;
				CLANG_ENABLE_OBJC_WEAK = YES;
				CLANG_WARN_BLOCK_CAPTURE_AUTORELEASING = YES;
				CLANG_WARN_BOOL_CONVERSION = YES;
				CLANG_WARN_COMMA = YES;
				CLANG_WARN_CONSTANT_CONVERSION = YES;
				CLANG_WARN_DEPRECATED_OBJC_IMPLEMENTATIONS = YES;
				CLANG_WARN_DIRECT_OBJC_ISA_USAGE = YES_ERROR;
				CLANG_WARN_DOCUMENTATION_COMMENTS = YES;
				CLANG_WARN_EMPTY_BODY = YES;
				CLANG_WARN_ENUM_CONVERSION = YES;
				CLANG_WARN_INFINITE_RECURSION = YES;
				CLANG_WARN_INT_CONVERSION = YES;
				CLANG_WARN_NON_LITERAL_NULL_CONVERSION = YES;
				CLANG_WARN_OBJC_IMPLICIT_RETAIN_SELF = YES;
				CLANG_WARN_OBJC_LITERAL_CONVERSION = YES;
				CLANG_WARN_OBJC_ROOT_CLASS = YES_ERROR;
				CLANG_WARN_QUOTED_INCLUDE_IN_FRAMEWORK_HEADER = YES;
				CLANG_WARN_RANGE_LOOP_ANALYSIS = YES;
				CLANG_WARN_STRICT_PROTOTYPES = YES;
				CLANG_WARN_SUSPICIOUS_MOVE = YES;
				CLANG_WARN_UNGUARDED_AVAILABILITY = YES_AGGRESSIVE;
				CLANG_WARN_UNREACHABLE_CODE = YES;
				CLANG_WARN__DUPLICATE_METHOD_MATCH = YES;
				COPY_PHASE_STRIP = NO;
				DEBUG_INFORMATION_FORMAT = "dwarf-with-dsym";
				ENABLE_NS_ASSERTIONS = NO;
				ENABLE_STRICT_OBJC_MSGSEND = YES;
				GCC_C_LANGUAGE_STANDARD = gnu11;
				GCC_NO_COMMON_BLOCKS = YES;
				GCC_WARN_64_TO_32_BIT_CONVERSION = YES;
				GCC_WARN_ABOUT_RETURN_TYPE = YES_ERROR;
				GCC_WARN_UNDECLARED_SELECTOR = YES;
				GCC_WARN_UNINITIALIZED_AUTOS = YES_AGGRESSIVE;
				GCC_WARN_UNUSED_FUNCTION = YES;
				GCC_WARN_UNUSED_VARIABLE = YES;
				IPHONEOS_DEPLOYMENT_TARGET = 15.2;
				MTL_ENABLE_DEBUG_INFO = NO;
				MTL_FAST_MATH = YES;
				SDKROOT = iphoneos;
				SWIFT_COMPILATION_MODE = wholemodule;
				SWIFT_OPTIMIZATION_LEVEL = "-O";
				VALIDATE_PRODUCT = YES;
			};
			name = Release;
		};
		20BC18C92804A768005551FF /* Debug */ = {
			isa = XCBuildConfiguration;
			baseConfigurationReference = BBD4F02B6B90CF3B160A3182 /* Pods-InvoicesApp.debug.xcconfig */;
			buildSettings = {
				ASSETCATALOG_COMPILER_APPICON_NAME = AppIcon;
				ASSETCATALOG_COMPILER_GLOBAL_ACCENT_COLOR_NAME = AccentColor;
				CODE_SIGN_ENTITLEMENTS = InvoicesApp/InvoicesApp.entitlements;
				CODE_SIGN_STYLE = Automatic;
				CURRENT_PROJECT_VERSION = 1;
				DEVELOPMENT_TEAM = 25G7LS3L22;
				GENERATE_INFOPLIST_FILE = YES;
				INFOPLIST_FILE = InvoicesApp/Info.plist;
				INFOPLIST_KEY_UIApplicationSupportsIndirectInputEvents = YES;
				INFOPLIST_KEY_UILaunchStoryboardName = LaunchScreen;
				INFOPLIST_KEY_UIMainStoryboardFile = LaunchScreen;
				INFOPLIST_KEY_UISupportedInterfaceOrientations_iPad = "UIInterfaceOrientationPortrait UIInterfaceOrientationPortraitUpsideDown UIInterfaceOrientationLandscapeLeft UIInterfaceOrientationLandscapeRight";
				INFOPLIST_KEY_UISupportedInterfaceOrientations_iPhone = "UIInterfaceOrientationPortrait UIInterfaceOrientationLandscapeLeft UIInterfaceOrientationLandscapeRight";
				IPHONEOS_DEPLOYMENT_TARGET = 12.0;
				LD_RUNPATH_SEARCH_PATHS = (
					"$(inherited)",
					"@executable_path/Frameworks",
				);
				MARKETING_VERSION = 1.0;
				PRODUCT_BUNDLE_IDENTIFIER = ivangabriel.InvoicesApp;
				PRODUCT_NAME = "$(TARGET_NAME)";
				SUPPORTS_MACCATALYST = YES;
				SWIFT_EMIT_LOC_STRINGS = YES;
				SWIFT_VERSION = 5.0;
				TARGETED_DEVICE_FAMILY = "1,2,6";
			};
			name = Debug;
		};
		20BC18CA2804A768005551FF /* Release */ = {
			isa = XCBuildConfiguration;
			baseConfigurationReference = 1AA3070EE275FE2F4FA32292 /* Pods-InvoicesApp.release.xcconfig */;
			buildSettings = {
				ASSETCATALOG_COMPILER_APPICON_NAME = AppIcon;
				ASSETCATALOG_COMPILER_GLOBAL_ACCENT_COLOR_NAME = AccentColor;
				CODE_SIGN_ENTITLEMENTS = InvoicesApp/InvoicesApp.entitlements;
				CODE_SIGN_STYLE = Automatic;
				CURRENT_PROJECT_VERSION = 1;
				DEVELOPMENT_TEAM = 25G7LS3L22;
				GENERATE_INFOPLIST_FILE = YES;
				INFOPLIST_FILE = InvoicesApp/Info.plist;
				INFOPLIST_KEY_UIApplicationSupportsIndirectInputEvents = YES;
				INFOPLIST_KEY_UILaunchStoryboardName = LaunchScreen;
				INFOPLIST_KEY_UIMainStoryboardFile = LaunchScreen;
				INFOPLIST_KEY_UISupportedInterfaceOrientations_iPad = "UIInterfaceOrientationPortrait UIInterfaceOrientationPortraitUpsideDown UIInterfaceOrientationLandscapeLeft UIInterfaceOrientationLandscapeRight";
				INFOPLIST_KEY_UISupportedInterfaceOrientations_iPhone = "UIInterfaceOrientationPortrait UIInterfaceOrientationLandscapeLeft UIInterfaceOrientationLandscapeRight";
				IPHONEOS_DEPLOYMENT_TARGET = 12.0;
				LD_RUNPATH_SEARCH_PATHS = (
					"$(inherited)",
					"@executable_path/Frameworks",
				);
				MARKETING_VERSION = 1.0;
				PRODUCT_BUNDLE_IDENTIFIER = ivangabriel.InvoicesApp;
				PRODUCT_NAME = "$(TARGET_NAME)";
				SUPPORTS_MACCATALYST = YES;
				SWIFT_EMIT_LOC_STRINGS = YES;
				SWIFT_VERSION = 5.0;
				TARGETED_DEVICE_FAMILY = "1,2,6";
			};
			name = Release;
		};
		20BC18CC2804A768005551FF /* Debug */ = {
			isa = XCBuildConfiguration;
			baseConfigurationReference = EB67F084D8E5A16CD042C62A /* Pods-InvoicesAppTests.debug.xcconfig */;
			buildSettings = {
				ALWAYS_EMBED_SWIFT_STANDARD_LIBRARIES = YES;
				BUNDLE_LOADER = "$(TEST_HOST)";
				CODE_SIGN_STYLE = Automatic;
				CURRENT_PROJECT_VERSION = 1;
				DEVELOPMENT_TEAM = 25G7LS3L22;
				GENERATE_INFOPLIST_FILE = YES;
				IPHONEOS_DEPLOYMENT_TARGET = 15.2;
				MARKETING_VERSION = 1.0;
				PRODUCT_BUNDLE_IDENTIFIER = ivangabriel.InvoicesAppTests;
				PRODUCT_NAME = "$(TARGET_NAME)";
				SWIFT_EMIT_LOC_STRINGS = NO;
				SWIFT_VERSION = 5.0;
				TARGETED_DEVICE_FAMILY = "1,2";
				TEST_HOST = "$(BUILT_PRODUCTS_DIR)/InvoicesApp.app/InvoicesApp";
			};
			name = Debug;
		};
		20BC18CD2804A768005551FF /* Release */ = {
			isa = XCBuildConfiguration;
			baseConfigurationReference = 977B884ADC83940230774D98 /* Pods-InvoicesAppTests.release.xcconfig */;
			buildSettings = {
				ALWAYS_EMBED_SWIFT_STANDARD_LIBRARIES = YES;
				BUNDLE_LOADER = "$(TEST_HOST)";
				CODE_SIGN_STYLE = Automatic;
				CURRENT_PROJECT_VERSION = 1;
				DEVELOPMENT_TEAM = 25G7LS3L22;
				GENERATE_INFOPLIST_FILE = YES;
				IPHONEOS_DEPLOYMENT_TARGET = 15.2;
				MARKETING_VERSION = 1.0;
				PRODUCT_BUNDLE_IDENTIFIER = ivangabriel.InvoicesAppTests;
				PRODUCT_NAME = "$(TARGET_NAME)";
				SWIFT_EMIT_LOC_STRINGS = NO;
				SWIFT_VERSION = 5.0;
				TARGETED_DEVICE_FAMILY = "1,2";
				TEST_HOST = "$(BUILT_PRODUCTS_DIR)/InvoicesApp.app/InvoicesApp";
			};
			name = Release;
		};
		20BC18CF2804A768005551FF /* Debug */ = {
			isa = XCBuildConfiguration;
			baseConfigurationReference = FF4ECAC163D7279402EC39C1 /* Pods-InvoicesApp-InvoicesAppUITests.debug.xcconfig */;
			buildSettings = {
				ALWAYS_EMBED_SWIFT_STANDARD_LIBRARIES = YES;
				CODE_SIGN_STYLE = Automatic;
				CURRENT_PROJECT_VERSION = 1;
				DEVELOPMENT_TEAM = 25G7LS3L22;
				GENERATE_INFOPLIST_FILE = YES;
				MARKETING_VERSION = 1.0;
				PRODUCT_BUNDLE_IDENTIFIER = ivangabriel.InvoicesAppUITests;
				PRODUCT_NAME = "$(TARGET_NAME)";
				SWIFT_EMIT_LOC_STRINGS = NO;
				SWIFT_VERSION = 5.0;
				TARGETED_DEVICE_FAMILY = "1,2";
				TEST_TARGET_NAME = InvoicesApp;
			};
			name = Debug;
		};
		20BC18D02804A768005551FF /* Release */ = {
			isa = XCBuildConfiguration;
			baseConfigurationReference = ED2F24AD4C22768681FC54AA /* Pods-InvoicesApp-InvoicesAppUITests.release.xcconfig */;
			buildSettings = {
				ALWAYS_EMBED_SWIFT_STANDARD_LIBRARIES = YES;
				CODE_SIGN_STYLE = Automatic;
				CURRENT_PROJECT_VERSION = 1;
				DEVELOPMENT_TEAM = 25G7LS3L22;
				GENERATE_INFOPLIST_FILE = YES;
				MARKETING_VERSION = 1.0;
				PRODUCT_BUNDLE_IDENTIFIER = ivangabriel.InvoicesAppUITests;
				PRODUCT_NAME = "$(TARGET_NAME)";
				SWIFT_EMIT_LOC_STRINGS = NO;
				SWIFT_VERSION = 5.0;
				TARGETED_DEVICE_FAMILY = "1,2";
				TEST_TARGET_NAME = InvoicesApp;
			};
			name = Release;
		};
/* End XCBuildConfiguration section */

/* Begin XCConfigurationList section */
		200E03992805527900F787F5 /* Build configuration list for PBXNativeTarget "InvoicesAppWatchOS WatchKit Extension" */ = {
			isa = XCConfigurationList;
			buildConfigurations = (
				200E03932805527900F787F5 /* Debug */,
				200E03942805527900F787F5 /* Release */,
			);
			defaultConfigurationIsVisible = 0;
			defaultConfigurationName = Release;
		};
		200E039A2805527900F787F5 /* Build configuration list for PBXNativeTarget "InvoicesAppWatchOS" */ = {
			isa = XCConfigurationList;
			buildConfigurations = (
				200E03902805527900F787F5 /* Debug */,
				200E03912805527900F787F5 /* Release */,
			);
			defaultConfigurationIsVisible = 0;
			defaultConfigurationName = Release;
		};
		200E039B2805527900F787F5 /* Build configuration list for PBXNativeTarget "InvoicesAppWatchOSTests" */ = {
			isa = XCConfigurationList;
			buildConfigurations = (
				200E03952805527900F787F5 /* Debug */,
				200E03962805527900F787F5 /* Release */,
			);
			defaultConfigurationIsVisible = 0;
			defaultConfigurationName = Release;
		};
		200E039C2805527900F787F5 /* Build configuration list for PBXNativeTarget "InvoicesAppWatchOSUITests" */ = {
			isa = XCConfigurationList;
			buildConfigurations = (
				200E03972805527900F787F5 /* Debug */,
				200E03982805527900F787F5 /* Release */,
			);
			defaultConfigurationIsVisible = 0;
			defaultConfigurationName = Release;
		};
		20BC18992804A766005551FF /* Build configuration list for PBXProject "InvoicesApp" */ = {
			isa = XCConfigurationList;
			buildConfigurations = (
				20BC18C62804A768005551FF /* Debug */,
				20BC18C72804A768005551FF /* Release */,
			);
			defaultConfigurationIsVisible = 0;
			defaultConfigurationName = Release;
		};
		20BC18C82804A768005551FF /* Build configuration list for PBXNativeTarget "InvoicesApp" */ = {
			isa = XCConfigurationList;
			buildConfigurations = (
				20BC18C92804A768005551FF /* Debug */,
				20BC18CA2804A768005551FF /* Release */,
			);
			defaultConfigurationIsVisible = 0;
			defaultConfigurationName = Release;
		};
		20BC18CB2804A768005551FF /* Build configuration list for PBXNativeTarget "InvoicesAppTests" */ = {
			isa = XCConfigurationList;
			buildConfigurations = (
				20BC18CC2804A768005551FF /* Debug */,
				20BC18CD2804A768005551FF /* Release */,
			);
			defaultConfigurationIsVisible = 0;
			defaultConfigurationName = Release;
		};
		20BC18CE2804A768005551FF /* Build configuration list for PBXNativeTarget "InvoicesAppUITests" */ = {
			isa = XCConfigurationList;
			buildConfigurations = (
				20BC18CF2804A768005551FF /* Debug */,
				20BC18D02804A768005551FF /* Release */,
			);
			defaultConfigurationIsVisible = 0;
			defaultConfigurationName = Release;
		};
/* End XCConfigurationList section */
	};
	rootObject = 20BC18962804A766005551FF /* Project object */;
}
